
Microsoft Visual Studio Solution File, Format Version 12.00
# Visual Studio 15
Project("{8BC9CEB8-8B4A-11D0-8D11-00A0C91BC942}") = "Aimbooster", "Aimbooster\Aimbooster.vcxproj", "{FA3F401E-E6F7-816B-4FFF-5AC73BD61C5C}"
EndProject
Project("{8BC9CEB8-8B4A-11D0-8D11-00A0C91BC942}") = "Blockstream", "Blockstream\Blockstream.vcxproj", "{3C0C7C22-A8C1-F417-31B6-EEEE9D6AEB1B}"
EndProject
Project("{8BC9CEB8-8B4A-11D0-8D11-00A0C91BC942}") = "Bolt-Core", "Bolt-Core\Bolt-Core.vcxproj", "{2CF839F6-9862-EE6C-E1A0-9F124D4ACCC1}"
EndProject
Project("{8BC9CEB8-8B4A-11D0-8D11-00A0C91BC942}") = "DND", "DND\DND.vcxproj", "{7BDE870B-E7E7-877C-7063-9E7CDC6B937C}"
EndProject
Project("{8BC9CEB8-8B4A-11D0-8D11-00A0C91BC942}") = "FreeType-GL", "Bolt-Core\vendor\FreeType-GL\FreeType-GL.vcxproj", "{899108BF-F546-81B4-7E3B-7B8BEAEF77B8}"
EndProject
Project("{8BC9CEB8-8B4A-11D0-8D11-00A0C91BC942}") = "GLFW", "Bolt-Core\vendor\GLFW\GLFW.vcxproj", "{154B857C-0182-860D-AA6E-6C109684020F}"
EndProject
Project("{8BC9CEB8-8B4A-11D0-8D11-00A0C91BC942}") = "Glad", "Bolt-Core\vendor\Glad\Glad.vcxproj", "{BDD6857C-A90D-870D-52FA-6C103E10030F}"
EndProject
Project("{8BC9CEB8-8B4A-11D0-8D11-00A0C91BC942}") = "ImGui", "Bolt-Core\vendor\ImGui\ImGui.vcxproj", "{C0FF640D-2C14-8DBE-F595-301E616989EF}"
EndProject
Project("{8BC9CEB8-8B4A-11D0-8D11-00A0C91BC942}") = "Lua", "Bolt-Core\vendor\Lua\Lua.vcxproj", "{A705880B-130F-887C-9C8A-9E7C0893937C}"
EndProject
Project("{8BC9CEB8-8B4A-11D0-8D11-00A0C91BC942}") = "OfflineChat", "OfflineChat\OfflineChat.vcxproj", "{68EF1A5F-D4A4-9354-5D99-8D2BC94D8A58}"
EndProject
Project("{8BC9CEB8-8B4A-11D0-8D11-00A0C91BC942}") = "RubicsCube", "RubicsCube\RubicsCube.vcxproj", "{ECDEFCB0-D896-3EFE-419E-175A2D75D9EE}"
EndProject
Project("{8BC9CEB8-8B4A-11D0-8D11-00A0C91BC942}") = "spdlog", "Bolt-Core\vendor\spdlog\spdlog.vcxproj", "{8EAD431C-7A4F-6EF2-630A-82464F4BF542}"
EndProject
Global
	GlobalSection(SolutionConfigurationPlatforms) = preSolution
		Debug|Win32 = Debug|Win32
		Dist|Win32 = Dist|Win32
		Release|Win32 = Release|Win32
	EndGlobalSection
	GlobalSection(ProjectConfigurationPlatforms) = postSolution
		{FA3F401E-E6F7-816B-4FFF-5AC73BD61C5C}.Debug|Win32.ActiveCfg = Debug|Win32
		{FA3F401E-E6F7-816B-4FFF-5AC73BD61C5C}.Debug|Win32.Build.0 = Debug|Win32
		{FA3F401E-E6F7-816B-4FFF-5AC73BD61C5C}.Dist|Win32.ActiveCfg = Dist|Win32
		{FA3F401E-E6F7-816B-4FFF-5AC73BD61C5C}.Dist|Win32.Build.0 = Dist|Win32
		{FA3F401E-E6F7-816B-4FFF-5AC73BD61C5C}.Release|Win32.ActiveCfg = Release|Win32
		{FA3F401E-E6F7-816B-4FFF-5AC73BD61C5C}.Release|Win32.Build.0 = Release|Win32
		{3C0C7C22-A8C1-F417-31B6-EEEE9D6AEB1B}.Debug|Win32.ActiveCfg = Debug|Win32
		{3C0C7C22-A8C1-F417-31B6-EEEE9D6AEB1B}.Debug|Win32.Build.0 = Debug|Win32
		{3C0C7C22-A8C1-F417-31B6-EEEE9D6AEB1B}.Dist|Win32.ActiveCfg = Dist|Win32
		{3C0C7C22-A8C1-F417-31B6-EEEE9D6AEB1B}.Dist|Win32.Build.0 = Dist|Win32
		{3C0C7C22-A8C1-F417-31B6-EEEE9D6AEB1B}.Release|Win32.ActiveCfg = Release|Win32
		{3C0C7C22-A8C1-F417-31B6-EEEE9D6AEB1B}.Release|Win32.Build.0 = Release|Win32
		{2CF839F6-9862-EE6C-E1A0-9F124D4ACCC1}.Debug|Win32.ActiveCfg = Debug|Win32
		{2CF839F6-9862-EE6C-E1A0-9F124D4ACCC1}.Debug|Win32.Build.0 = Debug|Win32
		{2CF839F6-9862-EE6C-E1A0-9F124D4ACCC1}.Dist|Win32.ActiveCfg = Dist|Win32
		{2CF839F6-9862-EE6C-E1A0-9F124D4ACCC1}.Dist|Win32.Build.0 = Dist|Win32
		{2CF839F6-9862-EE6C-E1A0-9F124D4ACCC1}.Release|Win32.ActiveCfg = Release|Win32
		{2CF839F6-9862-EE6C-E1A0-9F124D4ACCC1}.Release|Win32.Build.0 = Release|Win32
		{7BDE870B-E7E7-877C-7063-9E7CDC6B937C}.Debug|Win32.ActiveCfg = Debug|Win32
		{7BDE870B-E7E7-877C-7063-9E7CDC6B937C}.Debug|Win32.Build.0 = Debug|Win32
		{7BDE870B-E7E7-877C-7063-9E7CDC6B937C}.Dist|Win32.ActiveCfg = Dist|Win32
		{7BDE870B-E7E7-877C-7063-9E7CDC6B937C}.Dist|Win32.Build.0 = Dist|Win32
		{7BDE870B-E7E7-877C-7063-9E7CDC6B937C}.Release|Win32.ActiveCfg = Release|Win32
		{7BDE870B-E7E7-877C-7063-9E7CDC6B937C}.Release|Win32.Build.0 = Release|Win32
		{899108BF-F546-81B4-7E3B-7B8BEAEF77B8}.Debug|Win32.ActiveCfg = Debug|Win32
		{899108BF-F546-81B4-7E3B-7B8BEAEF77B8}.Debug|Win32.Build.0 = Debug|Win32
		{899108BF-F546-81B4-7E3B-7B8BEAEF77B8}.Dist|Win32.ActiveCfg = Dist|Win32
		{899108BF-F546-81B4-7E3B-7B8BEAEF77B8}.Dist|Win32.Build.0 = Dist|Win32
		{899108BF-F546-81B4-7E3B-7B8BEAEF77B8}.Release|Win32.ActiveCfg = Release|Win32
		{899108BF-F546-81B4-7E3B-7B8BEAEF77B8}.Release|Win32.Build.0 = Release|Win32
		{154B857C-0182-860D-AA6E-6C109684020F}.Debug|Win32.ActiveCfg = Debug|Win32
		{154B857C-0182-860D-AA6E-6C109684020F}.Debug|Win32.Build.0 = Debug|Win32
		{154B857C-0182-860D-AA6E-6C109684020F}.Dist|Win32.ActiveCfg = Dist|Win32
		{154B857C-0182-860D-AA6E-6C109684020F}.Dist|Win32.Build.0 = Dist|Win32
		{154B857C-0182-860D-AA6E-6C109684020F}.Release|Win32.ActiveCfg = Release|Win32
		{154B857C-0182-860D-AA6E-6C109684020F}.Release|Win32.Build.0 = Release|Win32
		{BDD6857C-A90D-870D-52FA-6C103E10030F}.Debug|Win32.ActiveCfg = Debug|Win32
		{BDD6857C-A90D-870D-52FA-6C103E10030F}.Debug|Win32.Build.0 = Debug|Win32
		{BDD6857C-A90D-870D-52FA-6C103E10030F}.Dist|Win32.ActiveCfg = Dist|Win32
		{BDD6857C-A90D-870D-52FA-6C103E10030F}.Dist|Win32.Build.0 = Dist|Win32
		{BDD6857C-A90D-870D-52FA-6C103E10030F}.Release|Win32.ActiveCfg = Release|Win32
		{BDD6857C-A90D-870D-52FA-6C103E10030F}.Release|Win32.Build.0 = Release|Win32
		{C0FF640D-2C14-8DBE-F595-301E616989EF}.Debug|Win32.ActiveCfg = Debug|Win32
		{C0FF640D-2C14-8DBE-F595-301E616989EF}.Debug|Win32.Build.0 = Debug|Win32
		{C0FF640D-2C14-8DBE-F595-301E616989EF}.Dist|Win32.ActiveCfg = Dist|Win32
		{C0FF640D-2C14-8DBE-F595-301E616989EF}.Dist|Win32.Build.0 = Dist|Win32
		{C0FF640D-2C14-8DBE-F595-301E616989EF}.Release|Win32.ActiveCfg = Release|Win32
		{C0FF640D-2C14-8DBE-F595-301E616989EF}.Release|Win32.Build.0 = Release|Win32
		{A705880B-130F-887C-9C8A-9E7C0893937C}.Debug|Win32.ActiveCfg = Debug|Win32
		{A705880B-130F-887C-9C8A-9E7C0893937C}.Debug|Win32.Build.0 = Debug|Win32
		{A705880B-130F-887C-9C8A-9E7C0893937C}.Dist|Win32.ActiveCfg = Dist|Win32
		{A705880B-130F-887C-9C8A-9E7C0893937C}.Dist|Win32.Build.0 = Dist|Win32
		{A705880B-130F-887C-9C8A-9E7C0893937C}.Release|Win32.ActiveCfg = Release|Win32
		{A705880B-130F-887C-9C8A-9E7C0893937C}.Release|Win32.Build.0 = Release|Win32
		{68EF1A5F-D4A4-9354-5D99-8D2BC94D8A58}.Debug|Win32.ActiveCfg = Debug|Win32
		{68EF1A5F-D4A4-9354-5D99-8D2BC94D8A58}.Debug|Win32.Build.0 = Debug|Win32
		{68EF1A5F-D4A4-9354-5D99-8D2BC94D8A58}.Dist|Win32.ActiveCfg = Dist|Win32
		{68EF1A5F-D4A4-9354-5D99-8D2BC94D8A58}.Dist|Win32.Build.0 = Dist|Win32
		{68EF1A5F-D4A4-9354-5D99-8D2BC94D8A58}.Release|Win32.ActiveCfg = Release|Win32
		{68EF1A5F-D4A4-9354-5D99-8D2BC94D8A58}.Release|Win32.Build.0 = Release|Win32
		{ECDEFCB0-D896-3EFE-419E-175A2D75D9EE}.Debug|Win32.ActiveCfg = Debug|Win32
		{ECDEFCB0-D896-3EFE-419E-175A2D75D9EE}.Debug|Win32.Build.0 = Debug|Win32
		{ECDEFCB0-D896-3EFE-419E-175A2D75D9EE}.Dist|Win32.ActiveCfg = Dist|Win32
		{ECDEFCB0-D896-3EFE-419E-175A2D75D9EE}.Dist|Win32.Build.0 = Dist|Win32
		{ECDEFCB0-D896-3EFE-419E-175A2D75D9EE}.Release|Win32.ActiveCfg = Release|Win32
		{ECDEFCB0-D896-3EFE-419E-175A2D75D9EE}.Release|Win32.Build.0 = Release|Win32
		{8EAD431C-7A4F-6EF2-630A-82464F4BF542}.Debug|Win32.ActiveCfg = Debug|Win32
		{8EAD431C-7A4F-6EF2-630A-82464F4BF542}.Debug|Win32.Build.0 = Debug|Win32
		{8EAD431C-7A4F-6EF2-630A-82464F4BF542}.Dist|Win32.ActiveCfg = Dist|Win32
		{8EAD431C-7A4F-6EF2-630A-82464F4BF542}.Dist|Win32.Build.0 = Dist|Win32
		{8EAD431C-7A4F-6EF2-630A-82464F4BF542}.Release|Win32.ActiveCfg = Release|Win32
		{8EAD431C-7A4F-6EF2-630A-82464F4BF542}.Release|Win32.Build.0 = Release|Win32
	EndGlobalSection
	GlobalSection(SolutionProperties) = preSolution
		HideSolutionNode = FALSE
	EndGlobalSection
EndGlobal
