<?xml version="1.0" encoding="utf-8"?>
<Project ToolsVersion="4.0" xmlns="http://schemas.microsoft.com/developer/msbuild/2003">
  <ItemGroup>
    <Filter Include="Source Files">
      <UniqueIdentifier>{4FC737F1-C7A5-4376-A066-2A32D752A2FF}</UniqueIdentifier>
      <Extensions>cpp;c;cc;cxx;def;odl;idl;hpj;bat;asm;asmx</Extensions>
    </Filter>
    <Filter Include="Header Files">
      <UniqueIdentifier>{93995380-89BD-4b04-88EB-625FBE52EBFB}</UniqueIdentifier>
      <Extensions>h;hh;hpp;hxx;hm;inl;inc;xsd</Extensions>
    </Filter>
    <Filter Include="Resource Files">
      <UniqueIdentifier>{67DA6AB6-F800-4c08-8B7A-83BB121AAD01}</UniqueIdentifier>
      <Extensions>rc;ico;cur;bmp;dlg;rc2;rct;bin;rgs;gif;jpg;jpeg;jpe;resx;tiff;tif;png;wav;mfcribbon-ms</Extensions>
    </Filter>
  </ItemGroup>
  <ItemGroup>
    <ClCompile Include="src\Application.cpp">
      <Filter>Source Files</Filter>
    </ClCompile>
    <ClCompile Include="src\Tiles\MapTile.cpp">
      <Filter>Source Files</Filter>
    </ClCompile>
    <ClCompile Include="src\Tiles\TileMapLevel.cpp">
      <Filter>Source Files</Filter>
    </ClCompile>
    <ClCompile Include="src\Entities\Sprite.cpp">
      <Filter>Source Files</Filter>
    </ClCompile>
    <ClCompile Include="src\Entities\Entity.cpp">
      <Filter>Source Files</Filter>
    </ClCompile>
    <ClCompile Include="src\Entities\Character.cpp">
      <Filter>Source Files</Filter>
    </ClCompile>
    <ClCompile Include="src\Entities\PlayerWizard.cpp">
      <Filter>Source Files</Filter>
    </ClCompile>
    <ClCompile Include="src\Tiles\TileMapManager.cpp">
      <Filter>Source Files</Filter>
    </ClCompile>
    <ClCompile Include="src\GameManager.cpp">
      <Filter>Source Files</Filter>
    </ClCompile>
    <ClCompile Include="src\Tiles\TileCamera.cpp">
      <Filter>Source Files</Filter>
    </ClCompile>
    <ClCompile Include="src\Entities\NPCs\NPCcharacter.cpp">
      <Filter>Source Files</Filter>
    </ClCompile>
    <ClCompile Include="src\Entities\NPCs\Behaviours\NPCbehaviour.cpp">
      <Filter>Source Files</Filter>
    </ClCompile>
    <ClCompile Include="src\Entities\NPCs\Behaviours\WanderBehaviour.cpp">
      <Filter>Source Files</Filter>
    </ClCompile>
    <ClCompile Include="src\Spells\Spell.cpp">
      <Filter>Source Files</Filter>
    </ClCompile>
    <ClCompile Include="src\Spells\SpellManager.cpp">
      <Filter>Source Files</Filter>
    </ClCompile>
    <ClCompile Include="src\Spells\MeteorSpell.cpp">
      <Filter>Source Files</Filter>
    </ClCompile>
  </ItemGroup>
  <ItemGroup>
    <ClInclude Include="src\Tiles\MapTile.h">
      <Filter>Header Files</Filter>
    </ClInclude>
    <ClInclude Include="src\Tiles\TileMapLevel.h">
      <Filter>Header Files</Filter>
    </ClInclude>
    <ClInclude Include="src\Entities\Sprite.h">
      <Filter>Header Files</Filter>
    </ClInclude>
    <ClInclude Include="src\Entities\Entity.h">
      <Filter>Header Files</Filter>
    </ClInclude>
    <ClInclude Include="src\Entities\CharacterTextureSet.h">
      <Filter>Header Files</Filter>
    </ClInclude>
    <ClInclude Include="src\Entities\Character.h">
      <Filter>Header Files</Filter>
    </ClInclude>
    <ClInclude Include="src\Entities\PlayerWizard.h">
      <Filter>Header Files</Filter>
    </ClInclude>
    <ClInclude Include="src\Tiles\TileMapManager.h">
      <Filter>Header Files</Filter>
    </ClInclude>
    <ClInclude Include="src\GameManager.h">
      <Filter>Header Files</Filter>
    </ClInclude>
    <ClInclude Include="src\Tiles\TileMapConnection.h">
      <Filter>Header Files</Filter>
    </ClInclude>
    <ClInclude Include="src\Tiles\TileCamera.h">
      <Filter>Header Files</Filter>
    </ClInclude>
    <ClInclude Include="src\Entities\NPCs\NPCcharacter.h">
      <Filter>Header Files</Filter>
    </ClInclude>
    <ClInclude Include="src\Entities\NPCs\Behaviours\NPCbehaviour.h">
      <Filter>Header Files</Filter>
    </ClInclude>
    <ClInclude Include="src\Entities\NPCs\Behaviours\WanderBehaviour.h">
      <Filter>Header Files</Filter>
    </ClInclude>
    <ClInclude Include="src\Spells\Spell.h">
      <Filter>Header Files</Filter>
    </ClInclude>
    <ClInclude Include="src\Spells\SpellManager.h">
      <Filter>Header Files</Filter>
    </ClInclude>
    <ClInclude Include="src\Spells\MeteorSpell.h">
      <Filter>Header Files</Filter>
    </ClInclude>
  </ItemGroup>
</Project>