<?xml version="1.0" encoding="utf-8"?>
<Project ToolsVersion="4.0" xmlns="http://schemas.microsoft.com/developer/msbuild/2003">
  <ItemGroup>
    <Filter Include="Map">
      <UniqueIdentifier>{6307880B-CF10-887C-588C-9E7CC494937C}</UniqueIdentifier>
    </Filter>
    <Filter Include="Network">
      <UniqueIdentifier>{8F6A0D6C-FB49-8C07-0462-17DE70C0F268}</UniqueIdentifier>
    </Filter>
    <Filter Include="Players">
      <UniqueIdentifier>{251DFF14-91FC-7DB0-9A14-09870673E411}</UniqueIdentifier>
    </Filter>
    <Filter Include="Players\Camera">
      <UniqueIdentifier>{FDD51300-E9A3-0706-D237-782CBEA4E36A}</UniqueIdentifier>
    </Filter>
    <Filter Include="Players\Characters">
      <UniqueIdentifier>{D4959CCF-C079-5D25-29DA-577815DD47A7}</UniqueIdentifier>
    </Filter>
    <Filter Include="Players\Characters\Controllers">
      <UniqueIdentifier>{3A72E636-2698-B09D-0FDE-3569FBA2D569}</UniqueIdentifier>
    </Filter>
    <Filter Include="Players\Characters\Entities">
      <UniqueIdentifier>{087DB5D8-748A-E3BE-FD70-DFA9697DAF75}</UniqueIdentifier>
    </Filter>
    <Filter Include="Scenes">
      <UniqueIdentifier>{86EEB3D0-7290-DEA6-5B4B-F2FA478C65F7}</UniqueIdentifier>
    </Filter>
  </ItemGroup>
  <ItemGroup>
    <ClInclude Include="src\DndInstance.h" />
    <ClInclude Include="src\DndServer.h" />
    <ClInclude Include="src\Events.h" />
    <ClInclude Include="src\GameplayPackets.h" />
    <ClInclude Include="src\GlobalState.h" />
    <ClInclude Include="src\Map\Tilemap.h">
      <Filter>Map</Filter>
    </ClInclude>
    <ClInclude Include="src\Map\TilemapLayer.h">
      <Filter>Map</Filter>
    </ClInclude>
    <ClInclude Include="src\Map\TilemapManager.h">
      <Filter>Map</Filter>
    </ClInclude>
    <ClInclude Include="src\Map\Tileset.h">
      <Filter>Map</Filter>
    </ClInclude>
    <ClInclude Include="src\Network\AddressPair.h">
      <Filter>Network</Filter>
    </ClInclude>
    <ClInclude Include="src\Network\Deserialization.h">
      <Filter>Network</Filter>
    </ClInclude>
    <ClInclude Include="src\Network\NetworkServer.h">
      <Filter>Network</Filter>
    </ClInclude>
    <ClInclude Include="src\Network\Packets.h">
      <Filter>Network</Filter>
    </ClInclude>
    <ClInclude Include="src\Network\Serialization.h">
      <Filter>Network</Filter>
    </ClInclude>
    <ClInclude Include="src\Network\ServerInitPackets.h">
      <Filter>Network</Filter>
    </ClInclude>
    <ClInclude Include="src\NetworkManager.h" />
    <ClInclude Include="src\Players\Camera\CameraController.h">
      <Filter>Players\Camera</Filter>
    </ClInclude>
    <ClInclude Include="src\Players\Characters\Controllers\Actions.h">
      <Filter>Players\Characters\Controllers</Filter>
    </ClInclude>
    <ClInclude Include="src\Players\Characters\Controllers\MotionController.h">
      <Filter>Players\Characters\Controllers</Filter>
    </ClInclude>
    <ClInclude Include="src\Players\Characters\Controllers\PlayerController.h">
      <Filter>Players\Characters\Controllers</Filter>
    </ClInclude>
    <ClInclude Include="src\Players\Characters\Entities\CharacterAnimator.h">
      <Filter>Players\Characters\Entities</Filter>
    </ClInclude>
    <ClInclude Include="src\Players\Characters\Entities\CurrentMap.h">
      <Filter>Players\Characters\Entities</Filter>
    </ClInclude>
    <ClInclude Include="src\Players\Characters\Entities\EntityNetworkData.h">
      <Filter>Players\Characters\Entities</Filter>
    </ClInclude>
    <ClInclude Include="src\Players\Characters\Entities\EntityStats.h">
      <Filter>Players\Characters\Entities</Filter>
    </ClInclude>
    <ClInclude Include="src\Players\Characters\Entities\NetworkComponent.h">
      <Filter>Players\Characters\Entities</Filter>
    </ClInclude>
    <ClInclude Include="src\Players\Characters\Entities\NetworkIdentity.h">
      <Filter>Players\Characters\Entities</Filter>
    </ClInclude>
    <ClInclude Include="src\Players\Characters\Entities\SpriteAnimator.h">
      <Filter>Players\Characters\Entities</Filter>
    </ClInclude>
    <ClInclude Include="src\Players\Characters\Entities\StatsComponent.h">
      <Filter>Players\Characters\Entities</Filter>
    </ClInclude>
    <ClInclude Include="src\Players\Characters\Entities\TileMotion.h">
      <Filter>Players\Characters\Entities</Filter>
    </ClInclude>
    <ClInclude Include="src\Players\Characters\Entities\TileTransform.h">
      <Filter>Players\Characters\Entities</Filter>
    </ClInclude>
    <ClInclude Include="src\Players\Characters\NetworkObjectManager.h">
      <Filter>Players\Characters</Filter>
    </ClInclude>
    <ClInclude Include="src\Players\GameNetworkData.h">
      <Filter>Players</Filter>
    </ClInclude>
    <ClInclude Include="src\Players\Player.h">
      <Filter>Players</Filter>
    </ClInclude>
    <ClInclude Include="src\Players\PlayerManager.h">
      <Filter>Players</Filter>
    </ClInclude>
    <ClInclude Include="src\Players\PlayerNetworkData.h">
      <Filter>Players</Filter>
    </ClInclude>
    <ClInclude Include="src\ScenePackets.h" />
    <ClInclude Include="src\Scenes\CharacterScene.h">
      <Filter>Scenes</Filter>
    </ClInclude>
    <ClInclude Include="src\Scenes\GameData.h">
      <Filter>Scenes</Filter>
    </ClInclude>
    <ClInclude Include="src\Scenes\GameScene.h">
      <Filter>Scenes</Filter>
    </ClInclude>
    <ClInclude Include="src\Scenes\LoadingScene.h">
      <Filter>Scenes</Filter>
    </ClInclude>
    <ClInclude Include="src\Scenes\ServerScene.h">
      <Filter>Scenes</Filter>
    </ClInclude>
    <ClInclude Include="src\Scenes\TitleScene.h">
      <Filter>Scenes</Filter>
    </ClInclude>
    <ClInclude Include="src\bltpch.h" />
  </ItemGroup>
  <ItemGroup>
    <ClCompile Include="src\DndInstance.cpp" />
    <ClCompile Include="src\DndServer.cpp" />
    <ClCompile Include="src\GlobalState.cpp" />
    <ClCompile Include="src\Map\Tilemap.cpp">
      <Filter>Map</Filter>
    </ClCompile>
    <ClCompile Include="src\Map\TilemapLayer.cpp">
      <Filter>Map</Filter>
    </ClCompile>
    <ClCompile Include="src\Map\TilemapManager.cpp">
      <Filter>Map</Filter>
    </ClCompile>
    <ClCompile Include="src\Map\Tileset.cpp">
      <Filter>Map</Filter>
    </ClCompile>
    <ClCompile Include="src\Network\NetworkServer.cpp">
      <Filter>Network</Filter>
    </ClCompile>
    <ClCompile Include="src\NetworkManager.cpp" />
    <ClCompile Include="src\Players\Camera\CameraController.cpp">
      <Filter>Players\Camera</Filter>
    </ClCompile>
    <ClCompile Include="src\Players\Characters\Controllers\MotionController.cpp">
      <Filter>Players\Characters\Controllers</Filter>
    </ClCompile>
    <ClCompile Include="src\Players\Characters\Controllers\PlayerController.cpp">
      <Filter>Players\Characters\Controllers</Filter>
    </ClCompile>
    <ClCompile Include="src\Players\Characters\Entities\CharacterAnimator.cpp">
      <Filter>Players\Characters\Entities</Filter>
    </ClCompile>
    <ClCompile Include="src\Players\Characters\Entities\CurrentMap.cpp">
      <Filter>Players\Characters\Entities</Filter>
    </ClCompile>
    <ClCompile Include="src\Players\Characters\Entities\NetworkComponent.cpp">
      <Filter>Players\Characters\Entities</Filter>
    </ClCompile>
    <ClCompile Include="src\Players\Characters\Entities\NetworkIdentity.cpp">
      <Filter>Players\Characters\Entities</Filter>
    </ClCompile>
    <ClCompile Include="src\Players\Characters\Entities\SpriteAnimator.cpp">
      <Filter>Players\Characters\Entities</Filter>
    </ClCompile>
    <ClCompile Include="src\Players\Characters\Entities\StatsComponent.cpp">
      <Filter>Players\Characters\Entities</Filter>
    </ClCompile>
    <ClCompile Include="src\Players\Characters\Entities\TileMotion.cpp">
      <Filter>Players\Characters\Entities</Filter>
    </ClCompile>
    <ClCompile Include="src\Players\Characters\Entities\TileTransform.cpp">
      <Filter>Players\Characters\Entities</Filter>
    </ClCompile>
    <ClCompile Include="src\Players\Characters\NetworkObjectManager.cpp">
      <Filter>Players\Characters</Filter>
    </ClCompile>
    <ClCompile Include="src\Players\Player.cpp">
      <Filter>Players</Filter>
    </ClCompile>
    <ClCompile Include="src\Players\PlayerManager.cpp">
      <Filter>Players</Filter>
    </ClCompile>
    <ClCompile Include="src\Scenes\CharacterScene.cpp">
      <Filter>Scenes</Filter>
    </ClCompile>
    <ClCompile Include="src\Scenes\GameData.cpp">
      <Filter>Scenes</Filter>
    </ClCompile>
    <ClCompile Include="src\Scenes\GameScene.cpp">
      <Filter>Scenes</Filter>
    </ClCompile>
    <ClCompile Include="src\Scenes\LoadingScene.cpp">
      <Filter>Scenes</Filter>
    </ClCompile>
    <ClCompile Include="src\Scenes\ServerScene.cpp">
      <Filter>Scenes</Filter>
    </ClCompile>
    <ClCompile Include="src\Scenes\TitleScene.cpp">
      <Filter>Scenes</Filter>
    </ClCompile>
    <ClCompile Include="src\bltpch.cpp" />
    <ClCompile Include="src\main.cpp" />
  </ItemGroup>
</Project>