<?xml version="1.0" encoding="utf-8"?>
<Project ToolsVersion="4.0" xmlns="http://schemas.microsoft.com/developer/msbuild/2003">
  <ItemGroup>
    <Filter Include="Camera">
      <UniqueIdentifier>{CE7141AB-BA13-6C81-A3CE-7FD58F0FF3D1}</UniqueIdentifier>
    </Filter>
  </ItemGroup>
  <ItemGroup>
    <ClCompile Include="src\App.cpp" />
    <ClCompile Include="src\Map\TilemapLayer.cpp" />
    <ClCompile Include="src\Map\Tilemap.cpp" />
    <ClCompile Include="src\GameManager.cpp" />
  </ItemGroup>
  <ItemGroup>
    <ClInclude Include="src\Map\TilemapLayer.h" />
    <ClInclude Include="src\Map\Tilemap.h" />
    <ClInclude Include="src\GameManager.h" />
  </ItemGroup>
</Project>