<?xml version="1.0" encoding="utf-8"?>
<Project ToolsVersion="4.0" xmlns="http://schemas.microsoft.com/developer/msbuild/2003">
  <ItemGroup>
    <Filter Include="Core">
      <UniqueIdentifier>{2EB4837C-1AEB-840D-C3D7-6A10AFED000F}</UniqueIdentifier>
    </Filter>
    <Filter Include="Core\BoltTL">
      <UniqueIdentifier>{CEE6A06C-3A9C-1962-C390-13392F451066}</UniqueIdentifier>
    </Filter>
    <Filter Include="Core\Events">
      <UniqueIdentifier>{52201B74-BED5-9369-47CA-8D40B37E8A6D}</UniqueIdentifier>
    </Filter>
    <Filter Include="Core\Math">
      <UniqueIdentifier>{C7E5BF15-3350-748C-7C8E-2532E83752E1}</UniqueIdentifier>
    </Filter>
    <Filter Include="Core\Math\Matrices">
      <UniqueIdentifier>{6EBAFF48-5A9E-C09E-C3FE-BAF1AF01AB20}</UniqueIdentifier>
    </Filter>
    <Filter Include="Core\Math\Random">
      <UniqueIdentifier>{973DCABB-8336-E90D-AC68-CE9298C0C819}</UniqueIdentifier>
    </Filter>
    <Filter Include="Core\Math\Random\NoiseFunctions">
      <UniqueIdentifier>{7D5B70F9-E93E-7F39-F241-AD755EA4458A}</UniqueIdentifier>
    </Filter>
    <Filter Include="Core\Math\Shapes">
      <UniqueIdentifier>{9A2297BE-861B-B610-AF4D-9B959BA5951C}</UniqueIdentifier>
    </Filter>
    <Filter Include="Core\Math\Vectors">
      <UniqueIdentifier>{9C3F9171-0856-8F07-51CD-1A29BD22608F}</UniqueIdentifier>
    </Filter>
    <Filter Include="Core\Memory">
      <UniqueIdentifier>{D62B9585-42E1-0D7B-CBD5-0752378A047F}</UniqueIdentifier>
    </Filter>
    <Filter Include="Core\Time">
      <UniqueIdentifier>{8CDDC315-F847-788C-4186-2932AD2F56E1}</UniqueIdentifier>
    </Filter>
    <Filter Include="Core\Utils">
      <UniqueIdentifier>{0EA057CE-FA57-991B-635F-72774F36340C}</UniqueIdentifier>
    </Filter>
    <Filter Include="Core\Utils\Filesystem">
      <UniqueIdentifier>{82B1250F-EE1D-E109-B711-7967233D0372}</UniqueIdentifier>
    </Filter>
    <Filter Include="Core\Utils\Filesystem\XML">
      <UniqueIdentifier>{E2E8E1A5-4EAB-1530-975B-A4BC035DEE0D}</UniqueIdentifier>
    </Filter>
    <Filter Include="Engine">
      <UniqueIdentifier>{DBC7D3B0-C769-FE86-B024-12DB9C6585D7}</UniqueIdentifier>
    </Filter>
    <Filter Include="Engine\Commands">
      <UniqueIdentifier>{7C69CF98-E8F4-3C5D-F105-C0515D10995D}</UniqueIdentifier>
    </Filter>
    <Filter Include="Engine\Initialization">
      <UniqueIdentifier>{72880A54-DEF4-C54E-A7E8-5DAC1314E8B6}</UniqueIdentifier>
    </Filter>
    <Filter Include="Engine\Networking">
      <UniqueIdentifier>{12126F42-7E28-6DD8-C79F-F8F933F53D60}</UniqueIdentifier>
    </Filter>
    <Filter Include="Engine\Renderer">
      <UniqueIdentifier>{E1119970-4D9D-0635-56AE-8929C2B86235}</UniqueIdentifier>
    </Filter>
    <Filter Include="Engine\Scene">
      <UniqueIdentifier>{386D1796-24D0-A63A-CD55-DFF0B99772BD}</UniqueIdentifier>
    </Filter>
    <Filter Include="Engine\Scene\Components">
      <UniqueIdentifier>{4D9FE2EA-B9D6-2A82-C2E0-8EA52E97517B}</UniqueIdentifier>
    </Filter>
    <Filter Include="Engine\Scene\Components\UI">
      <UniqueIdentifier>{5A4BFDEE-465B-A9BF-AF14-0EDE9B439858}</UniqueIdentifier>
    </Filter>
    <Filter Include="Engine\Scene\Lighting">
      <UniqueIdentifier>{BD5FF7D2-29CC-B2CD-F2BF-4A2B5EEBD435}</UniqueIdentifier>
    </Filter>
    <Filter Include="Engine\Scene\Physics">
      <UniqueIdentifier>{AA281D9E-96B7-A667-3FD6-BA622B44B70D}</UniqueIdentifier>
    </Filter>
    <Filter Include="Engine\Scene\Physics\CollisionEngine">
      <UniqueIdentifier>{1B5D030D-0744-C504-B094-2B229C5A3E6B}</UniqueIdentifier>
    </Filter>
    <Filter Include="Engine\Scene\Physics\CollisionEngine\Colliders">
      <UniqueIdentifier>{ABA59353-9723-E4EC-801B-A2846C382615}</UniqueIdentifier>
    </Filter>
    <Filter Include="Engine\Scene\Query">
      <UniqueIdentifier>{BD929061-A976-51B7-12D7-4B0AFED93B39}</UniqueIdentifier>
    </Filter>
    <Filter Include="Engine\Scene\UI">
      <UniqueIdentifier>{65D59BAE-D160-0973-DA71-8C67467C6573}</UniqueIdentifier>
    </Filter>
    <Filter Include="Engine\Serialization">
      <UniqueIdentifier>{A843FDD7-94D2-86A1-3DF1-9A9C295F9747}</UniqueIdentifier>
    </Filter>
    <Filter Include="Engine\User">
      <UniqueIdentifier>{49FBA461-B5B0-1D57-3EA5-172EAA59145B}</UniqueIdentifier>
    </Filter>
    <Filter Include="Graphics">
      <UniqueIdentifier>{1653CE33-0220-293F-2B39-17E717655ECD}</UniqueIdentifier>
    </Filter>
    <Filter Include="Graphics\Buffers">
      <UniqueIdentifier>{92C817CE-7EC1-3620-A7F3-1BA5934B162C}</UniqueIdentifier>
    </Filter>
    <Filter Include="Graphics\Buffers\Iterators">
      <UniqueIdentifier>{5E575586-4A67-0157-B320-66759F4FF0EF}</UniqueIdentifier>
    </Filter>
    <Filter Include="Graphics\Resources">
      <UniqueIdentifier>{00CCAA35-ECAF-6B8B-5510-66DE4113560D}</UniqueIdentifier>
    </Filter>
    <Filter Include="Graphics\Resources\Meshes">
      <UniqueIdentifier>{342E0045-A0F0-33CF-E9A0-C25B55A20CAD}</UniqueIdentifier>
    </Filter>
    <Filter Include="Graphics\Resources\Meshes\Factories">
      <UniqueIdentifier>{A38AC43C-0F44-2FE7-98A3-49C1045CE556}</UniqueIdentifier>
    </Filter>
    <Filter Include="Graphics\Resources\Meshes\Materials">
      <UniqueIdentifier>{0582FD65-713B-6810-FA9A-82EA66531E80}</UniqueIdentifier>
    </Filter>
    <Filter Include="Graphics\Resources\Meshes\Materials\Animators">
      <UniqueIdentifier>{225FECE2-8ECF-EE5B-57EE-68E4C31D275D}</UniqueIdentifier>
    </Filter>
    <Filter Include="Graphics\Resources\Shaders">
      <UniqueIdentifier>{D9F09AB8-C500-4789-2EBA-ABA71AE93522}</UniqueIdentifier>
    </Filter>
    <Filter Include="Graphics\Resources\Shaders\Compiler">
      <UniqueIdentifier>{6334DAF9-CFED-44A4-584D-5F7EC405FB13}</UniqueIdentifier>
    </Filter>
    <Filter Include="Graphics\Resources\Shaders\Components">
      <UniqueIdentifier>{4EFC5BE7-BAC0-5AD7-8326-8BA1EFA9F60C}</UniqueIdentifier>
    </Filter>
    <Filter Include="Graphics\Resources\Textures">
      <UniqueIdentifier>{D31D1D08-3F2B-4BEE-C811-47D9341E17A5}</UniqueIdentifier>
    </Filter>
    <Filter Include="Graphics\Resources\Textures\Fonts">
      <UniqueIdentifier>{4CDAD227-B848-28A7-0132-E3A66DDF1D43}</UniqueIdentifier>
    </Filter>
    <Filter Include="Graphics\Structs">
      <UniqueIdentifier>{3D0042E9-29F9-603B-522B-46C03E834047}</UniqueIdentifier>
    </Filter>
  </ItemGroup>
  <ItemGroup>
    <ClInclude Include="src\Bolt-Core.h" />
    <ClInclude Include="src\Bolt-Engine.h" />
    <ClInclude Include="src\Bolt-Graphics.h" />
    <ClInclude Include="src\Bolt.h" />
    <ClInclude Include="src\BoltDefines.h" />
    <ClInclude Include="src\BoltEngine.h" />
    <ClInclude Include="src\Core\BoltTL\__BoltTL__.h">
      <Filter>Core\BoltTL</Filter>
    </ClInclude>
    <ClInclude Include="src\Core\BoltTL\array2d.h">
      <Filter>Core\BoltTL</Filter>
    </ClInclude>
    <ClInclude Include="src\Core\BoltTL\iterator.h">
      <Filter>Core\BoltTL</Filter>
    </ClInclude>
    <ClInclude Include="src\Core\BoltTL\string.h">
      <Filter>Core\BoltTL</Filter>
    </ClInclude>
    <ClInclude Include="src\Core\BoltTL\string_template.h">
      <Filter>Core\BoltTL</Filter>
    </ClInclude>
    <ClInclude Include="src\Core\BoltTL\vector.h">
      <Filter>Core\BoltTL</Filter>
    </ClInclude>
    <ClInclude Include="src\Core\Color.h">
      <Filter>Core</Filter>
    </ClInclude>
    <ClInclude Include="src\Core\Events\Event.h">
      <Filter>Core\Events</Filter>
    </ClInclude>
    <ClInclude Include="src\Core\Events\EventDispatcher.h">
      <Filter>Core\Events</Filter>
    </ClInclude>
    <ClInclude Include="src\Core\Events\EventManager.h">
      <Filter>Core\Events</Filter>
    </ClInclude>
    <ClInclude Include="src\Core\Events\EventQueue.h">
      <Filter>Core\Events</Filter>
    </ClInclude>
    <ClInclude Include="src\Core\Events\Events.h">
      <Filter>Core\Events</Filter>
    </ClInclude>
    <ClInclude Include="src\Core\Events\IdManager.h">
      <Filter>Core\Events</Filter>
    </ClInclude>
    <ClInclude Include="src\Core\Events\__Events__.h">
      <Filter>Core\Events</Filter>
    </ClInclude>
    <ClInclude Include="src\Core\Functions.h">
      <Filter>Core</Filter>
    </ClInclude>
    <ClInclude Include="src\Core\Image.h">
      <Filter>Core</Filter>
    </ClInclude>
    <ClInclude Include="src\Core\Math\Frustum.h">
      <Filter>Core\Math</Filter>
    </ClInclude>
    <ClInclude Include="src\Core\Math\Maths.h">
      <Filter>Core\Math</Filter>
    </ClInclude>
    <ClInclude Include="src\Core\Math\Matrices\Matrix2.h">
      <Filter>Core\Math\Matrices</Filter>
    </ClInclude>
    <ClInclude Include="src\Core\Math\Matrices\Matrix3.h">
      <Filter>Core\Math\Matrices</Filter>
    </ClInclude>
    <ClInclude Include="src\Core\Math\Matrices\Matrix4.h">
      <Filter>Core\Math\Matrices</Filter>
    </ClInclude>
    <ClInclude Include="src\Core\Math\Matrices\__Matrices__.h">
      <Filter>Core\Math\Matrices</Filter>
    </ClInclude>
    <ClInclude Include="src\Core\Math\Plane.h">
      <Filter>Core\Math</Filter>
    </ClInclude>
    <ClInclude Include="src\Core\Math\Quaternion.h">
      <Filter>Core\Math</Filter>
    </ClInclude>
    <ClInclude Include="src\Core\Math\Random\NoiseFunctions\SimplexNoise.h">
      <Filter>Core\Math\Random\NoiseFunctions</Filter>
    </ClInclude>
    <ClInclude Include="src\Core\Math\Random\NoiseFunctions\__NoiseFunctions__.h">
      <Filter>Core\Math\Random\NoiseFunctions</Filter>
    </ClInclude>
    <ClInclude Include="src\Core\Math\Random\Random.h">
      <Filter>Core\Math\Random</Filter>
    </ClInclude>
    <ClInclude Include="src\Core\Math\Random\RandomDistribution.h">
      <Filter>Core\Math\Random</Filter>
    </ClInclude>
    <ClInclude Include="src\Core\Math\Random\__Random__.h">
      <Filter>Core\Math\Random</Filter>
    </ClInclude>
    <ClInclude Include="src\Core\Math\Ray.h">
      <Filter>Core\Math</Filter>
    </ClInclude>
    <ClInclude Include="src\Core\Math\Shapes\Cuboid.h">
      <Filter>Core\Math\Shapes</Filter>
    </ClInclude>
    <ClInclude Include="src\Core\Math\Shapes\Rectangle.h">
      <Filter>Core\Math\Shapes</Filter>
    </ClInclude>
    <ClInclude Include="src\Core\Math\Shapes\__Shapes__.h">
      <Filter>Core\Math\Shapes</Filter>
    </ClInclude>
    <ClInclude Include="src\Core\Math\Vectors\Vector2.h">
      <Filter>Core\Math\Vectors</Filter>
    </ClInclude>
    <ClInclude Include="src\Core\Math\Vectors\Vector3.h">
      <Filter>Core\Math\Vectors</Filter>
    </ClInclude>
    <ClInclude Include="src\Core\Math\Vectors\Vector4.h">
      <Filter>Core\Math\Vectors</Filter>
    </ClInclude>
    <ClInclude Include="src\Core\Math\Vectors\__Vectors__.h">
      <Filter>Core\Math\Vectors</Filter>
    </ClInclude>
    <ClInclude Include="src\Core\Math\__Math__.h">
      <Filter>Core\Math</Filter>
    </ClInclude>
    <ClInclude Include="src\Core\Memory\Allocator.h">
      <Filter>Core\Memory</Filter>
    </ClInclude>
    <ClInclude Include="src\Core\Memory\__Memory__.h">
      <Filter>Core\Memory</Filter>
    </ClInclude>
    <ClInclude Include="src\Core\Time\Time.h">
      <Filter>Core\Time</Filter>
    </ClInclude>
    <ClInclude Include="src\Core\Time\Timeline.h">
      <Filter>Core\Time</Filter>
    </ClInclude>
    <ClInclude Include="src\Core\Time\Timer.h">
      <Filter>Core\Time</Filter>
    </ClInclude>
    <ClInclude Include="src\Core\Time\TimerSet.h">
      <Filter>Core\Time</Filter>
    </ClInclude>
    <ClInclude Include="src\Core\Time\__Time__.h">
      <Filter>Core\Time</Filter>
    </ClInclude>
    <ClInclude Include="src\Core\Utils\Filesystem\Directorypath.h">
      <Filter>Core\Utils\Filesystem</Filter>
    </ClInclude>
    <ClInclude Include="src\Core\Utils\Filesystem\File.h">
      <Filter>Core\Utils\Filesystem</Filter>
    </ClInclude>
    <ClInclude Include="src\Core\Utils\Filesystem\Filepath.h">
      <Filter>Core\Utils\Filesystem</Filter>
    </ClInclude>
    <ClInclude Include="src\Core\Utils\Filesystem\Filesystem.h">
      <Filter>Core\Utils\Filesystem</Filter>
    </ClInclude>
    <ClInclude Include="src\Core\Utils\Filesystem\XML\XMLNodePath.h">
      <Filter>Core\Utils\Filesystem\XML</Filter>
    </ClInclude>
    <ClInclude Include="src\Core\Utils\Filesystem\XML\XMLfile.h">
      <Filter>Core\Utils\Filesystem\XML</Filter>
    </ClInclude>
    <ClInclude Include="src\Core\Utils\Filesystem\XML\XMLnode.h">
      <Filter>Core\Utils\Filesystem\XML</Filter>
    </ClInclude>
    <ClInclude Include="src\Core\Utils\Filesystem\XML\__XML__.h">
      <Filter>Core\Utils\Filesystem\XML</Filter>
    </ClInclude>
    <ClInclude Include="src\Core\Utils\Filesystem\__Filesystem__.h">
      <Filter>Core\Utils\Filesystem</Filter>
    </ClInclude>
    <ClInclude Include="src\Core\Utils\__Utils__.h">
      <Filter>Core\Utils</Filter>
    </ClInclude>
    <ClInclude Include="src\Engine\Application.h">
      <Filter>Engine</Filter>
    </ClInclude>
    <ClInclude Include="src\Engine\Commands\CmdDebugger.h">
      <Filter>Engine\Commands</Filter>
    </ClInclude>
    <ClInclude Include="src\Engine\Commands\Command.h">
      <Filter>Engine\Commands</Filter>
    </ClInclude>
    <ClInclude Include="src\Engine\Commands\CommandArg.h">
      <Filter>Engine\Commands</Filter>
    </ClInclude>
    <ClInclude Include="src\Engine\Commands\CommandLine.h">
      <Filter>Engine\Commands</Filter>
    </ClInclude>
    <ClInclude Include="src\Engine\Commands\__Commands__.h">
      <Filter>Engine\Commands</Filter>
    </ClInclude>
    <ClInclude Include="src\Engine\Engine.h">
      <Filter>Engine</Filter>
    </ClInclude>
    <ClInclude Include="src\Engine\EngineCreateInfo.h">
      <Filter>Engine</Filter>
    </ClInclude>
    <ClInclude Include="src\Engine\Initialization\Destructor.h">
      <Filter>Engine\Initialization</Filter>
    </ClInclude>
    <ClInclude Include="src\Engine\Initialization\Initializer.h">
      <Filter>Engine\Initialization</Filter>
    </ClInclude>
    <ClInclude Include="src\Engine\Initialization\__Initialization__.h">
      <Filter>Engine\Initialization</Filter>
    </ClInclude>
    <ClInclude Include="src\Engine\Networking\InputMemoryStream.h">
      <Filter>Engine\Networking</Filter>
    </ClInclude>
    <ClInclude Include="src\Engine\Networking\Networking.h">
      <Filter>Engine\Networking</Filter>
    </ClInclude>
    <ClInclude Include="src\Engine\Networking\OutputMemoryStream.h">
      <Filter>Engine\Networking</Filter>
    </ClInclude>
    <ClInclude Include="src\Engine\Networking\SocketAddress.h">
      <Filter>Engine\Networking</Filter>
    </ClInclude>
    <ClInclude Include="src\Engine\Networking\SocketUtil.h">
      <Filter>Engine\Networking</Filter>
    </ClInclude>
    <ClInclude Include="src\Engine\Networking\TCPsocket.h">
      <Filter>Engine\Networking</Filter>
    </ClInclude>
    <ClInclude Include="src\Engine\Networking\UDPsocket.h">
      <Filter>Engine\Networking</Filter>
    </ClInclude>
    <ClInclude Include="src\Engine\Networking\__Networking__.h">
      <Filter>Engine\Networking</Filter>
    </ClInclude>
    <ClInclude Include="src\Engine\Renderer\GLState.h">
      <Filter>Engine\Renderer</Filter>
    </ClInclude>
    <ClInclude Include="src\Engine\Renderer\GlobalRenderer.h">
      <Filter>Engine\Renderer</Filter>
    </ClInclude>
    <ClInclude Include="src\Engine\Renderer\Graphics.h">
      <Filter>Engine\Renderer</Filter>
    </ClInclude>
    <ClInclude Include="src\Engine\Renderer\RenderCamera.h">
      <Filter>Engine\Renderer</Filter>
    </ClInclude>
    <ClInclude Include="src\Engine\Renderer\RenderContext.h">
      <Filter>Engine\Renderer</Filter>
    </ClInclude>
    <ClInclude Include="src\Engine\Renderer\RenderData.h">
      <Filter>Engine\Renderer</Filter>
    </ClInclude>
    <ClInclude Include="src\Engine\Renderer\RenderGroup.h">
      <Filter>Engine\Renderer</Filter>
    </ClInclude>
    <ClInclude Include="src\Engine\Renderer\RenderOptions.h">
      <Filter>Engine\Renderer</Filter>
    </ClInclude>
    <ClInclude Include="src\Engine\Renderer\RenderPass.h">
      <Filter>Engine\Renderer</Filter>
    </ClInclude>
    <ClInclude Include="src\Engine\Renderer\RenderRoutine.h">
      <Filter>Engine\Renderer</Filter>
    </ClInclude>
    <ClInclude Include="src\Engine\Renderer\RenderSchedule.h">
      <Filter>Engine\Renderer</Filter>
    </ClInclude>
    <ClInclude Include="src\Engine\Renderer\SceneRenderer.h">
      <Filter>Engine\Renderer</Filter>
    </ClInclude>
    <ClInclude Include="src\Engine\Renderer\__Renderer__.h">
      <Filter>Engine\Renderer</Filter>
    </ClInclude>
    <ClInclude Include="src\Engine\Scene\Camera.h">
      <Filter>Engine\Scene</Filter>
    </ClInclude>
    <ClInclude Include="src\Engine\Scene\Components\Component.h">
      <Filter>Engine\Scene\Components</Filter>
    </ClInclude>
    <ClInclude Include="src\Engine\Scene\Components\ComponentManager.h">
      <Filter>Engine\Scene\Components</Filter>
    </ClInclude>
    <ClInclude Include="src\Engine\Scene\Components\LightRenderer.h">
      <Filter>Engine\Scene\Components</Filter>
    </ClInclude>
    <ClInclude Include="src\Engine\Scene\Components\MeshRenderer.h">
      <Filter>Engine\Scene\Components</Filter>
    </ClInclude>
    <ClInclude Include="src\Engine\Scene\Components\MotionEngine.h">
      <Filter>Engine\Scene\Components</Filter>
    </ClInclude>
    <ClInclude Include="src\Engine\Scene\Components\PhysicsHandle.h">
      <Filter>Engine\Scene\Components</Filter>
    </ClInclude>
    <ClInclude Include="src\Engine\Scene\Components\TriggerComponent.h">
      <Filter>Engine\Scene\Components</Filter>
    </ClInclude>
    <ClInclude Include="src\Engine\Scene\Components\UI\UIEventHandler.h">
      <Filter>Engine\Scene\Components\UI</Filter>
    </ClInclude>
    <ClInclude Include="src\Engine\Scene\Components\UI\__UI__.h">
      <Filter>Engine\Scene\Components\UI</Filter>
    </ClInclude>
    <ClInclude Include="src\Engine\Scene\Components\__Components__.h">
      <Filter>Engine\Scene\Components</Filter>
    </ClInclude>
    <ClInclude Include="src\Engine\Scene\GameObject.h">
      <Filter>Engine\Scene</Filter>
    </ClInclude>
    <ClInclude Include="src\Engine\Scene\Layer.h">
      <Filter>Engine\Scene</Filter>
    </ClInclude>
    <ClInclude Include="src\Engine\Scene\LayerEvents.h">
      <Filter>Engine\Scene</Filter>
    </ClInclude>
    <ClInclude Include="src\Engine\Scene\Lighting\LightSource.h">
      <Filter>Engine\Scene\Lighting</Filter>
    </ClInclude>
    <ClInclude Include="src\Engine\Scene\Lighting\__Lighting__.h">
      <Filter>Engine\Scene\Lighting</Filter>
    </ClInclude>
    <ClInclude Include="src\Engine\Scene\ObjectCollection.h">
      <Filter>Engine\Scene</Filter>
    </ClInclude>
    <ClInclude Include="src\Engine\Scene\ObjectFactory.h">
      <Filter>Engine\Scene</Filter>
    </ClInclude>
    <ClInclude Include="src\Engine\Scene\ObjectPrefab.h">
      <Filter>Engine\Scene</Filter>
    </ClInclude>
    <ClInclude Include="src\Engine\Scene\Physics\CollisionEngine\Colliders\AABBCollider.h">
      <Filter>Engine\Scene\Physics\CollisionEngine\Colliders</Filter>
    </ClInclude>
    <ClInclude Include="src\Engine\Scene\Physics\CollisionEngine\Colliders\OBBCollider.h">
      <Filter>Engine\Scene\Physics\CollisionEngine\Colliders</Filter>
    </ClInclude>
    <ClInclude Include="src\Engine\Scene\Physics\CollisionEngine\Colliders\SphereCollider.h">
      <Filter>Engine\Scene\Physics\CollisionEngine\Colliders</Filter>
    </ClInclude>
    <ClInclude Include="src\Engine\Scene\Physics\CollisionEngine\Colliders\__Colliders__.h">
      <Filter>Engine\Scene\Physics\CollisionEngine\Colliders</Filter>
    </ClInclude>
    <ClInclude Include="src\Engine\Scene\Physics\CollisionEngine\CollisionEngine.h">
      <Filter>Engine\Scene\Physics\CollisionEngine</Filter>
    </ClInclude>
    <ClInclude Include="src\Engine\Scene\Physics\CollisionEngine\__CollisionEngine__.h">
      <Filter>Engine\Scene\Physics\CollisionEngine</Filter>
    </ClInclude>
    <ClInclude Include="src\Engine\Scene\Physics\PhysObjCollection.h">
      <Filter>Engine\Scene\Physics</Filter>
    </ClInclude>
    <ClInclude Include="src\Engine\Scene\Physics\PhysicsEngine.h">
      <Filter>Engine\Scene\Physics</Filter>
    </ClInclude>
    <ClInclude Include="src\Engine\Scene\Physics\PhysicsManager.h">
      <Filter>Engine\Scene\Physics</Filter>
    </ClInclude>
    <ClInclude Include="src\Engine\Scene\Physics\__Physics__.h">
      <Filter>Engine\Scene\Physics</Filter>
    </ClInclude>
    <ClInclude Include="src\Engine\Scene\Query\SGQComponents.h">
      <Filter>Engine\Scene\Query</Filter>
    </ClInclude>
    <ClInclude Include="src\Engine\Scene\Query\SGQFrustrum.h">
      <Filter>Engine\Scene\Query</Filter>
    </ClInclude>
    <ClInclude Include="src\Engine\Scene\Query\SGQNearTo.h">
      <Filter>Engine\Scene\Query</Filter>
    </ClInclude>
    <ClInclude Include="src\Engine\Scene\Query\SGQRayCast.h">
      <Filter>Engine\Scene\Query</Filter>
    </ClInclude>
    <ClInclude Include="src\Engine\Scene\Query\SGQTransparency.h">
      <Filter>Engine\Scene\Query</Filter>
    </ClInclude>
    <ClInclude Include="src\Engine\Scene\Query\SGQuery.h">
      <Filter>Engine\Scene\Query</Filter>
    </ClInclude>
    <ClInclude Include="src\Engine\Scene\Query\SGQueryResult.h">
      <Filter>Engine\Scene\Query</Filter>
    </ClInclude>
    <ClInclude Include="src\Engine\Scene\Query\__Query__.h">
      <Filter>Engine\Scene\Query</Filter>
    </ClInclude>
    <ClInclude Include="src\Engine\Scene\Scene.h">
      <Filter>Engine\Scene</Filter>
    </ClInclude>
    <ClInclude Include="src\Engine\Scene\SceneEvents.h">
      <Filter>Engine\Scene</Filter>
    </ClInclude>
    <ClInclude Include="src\Engine\Scene\SceneManager.h">
      <Filter>Engine\Scene</Filter>
    </ClInclude>
    <ClInclude Include="src\Engine\Scene\Transform.h">
      <Filter>Engine\Scene</Filter>
    </ClInclude>
    <ClInclude Include="src\Engine\Scene\UI\Text.h">
      <Filter>Engine\Scene\UI</Filter>
    </ClInclude>
    <ClInclude Include="src\Engine\Scene\UI\UIelement.h">
      <Filter>Engine\Scene\UI</Filter>
    </ClInclude>
    <ClInclude Include="src\Engine\Scene\UI\UIroot.h">
      <Filter>Engine\Scene\UI</Filter>
    </ClInclude>
    <ClInclude Include="src\Engine\Scene\UI\UIsurface.h">
      <Filter>Engine\Scene\UI</Filter>
    </ClInclude>
    <ClInclude Include="src\Engine\Scene\UI\__UI__.h">
      <Filter>Engine\Scene\UI</Filter>
    </ClInclude>
    <ClInclude Include="src\Engine\Scene\__Scene__.h">
      <Filter>Engine\Scene</Filter>
    </ClInclude>
    <ClInclude Include="src\Engine\Serialization\XMLReadTraits.h">
      <Filter>Engine\Serialization</Filter>
    </ClInclude>
    <ClInclude Include="src\Engine\Serialization\XMLWriteTraits.h">
      <Filter>Engine\Serialization</Filter>
    </ClInclude>
    <ClInclude Include="src\Engine\Serialization\XMLserializer.h">
      <Filter>Engine\Serialization</Filter>
    </ClInclude>
    <ClInclude Include="src\Engine\Serialization\__Serialization__.h">
      <Filter>Engine\Serialization</Filter>
    </ClInclude>
    <ClInclude Include="src\Engine\User\Input.h">
      <Filter>Engine\User</Filter>
    </ClInclude>
    <ClInclude Include="src\Engine\User\InputEvents.h">
      <Filter>Engine\User</Filter>
    </ClInclude>
    <ClInclude Include="src\Engine\User\__User__.h">
      <Filter>Engine\User</Filter>
    </ClInclude>
    <ClInclude Include="src\Graphics\Buffers\ArrayDescriptor.h">
      <Filter>Graphics\Buffers</Filter>
    </ClInclude>
    <ClInclude Include="src\Graphics\Buffers\Buffer.h">
      <Filter>Graphics\Buffers</Filter>
    </ClInclude>
    <ClInclude Include="src\Graphics\Buffers\BufferLayout.h">
      <Filter>Graphics\Buffers</Filter>
    </ClInclude>
    <ClInclude Include="src\Graphics\Buffers\IArrayDescriptor.h">
      <Filter>Graphics\Buffers</Filter>
    </ClInclude>
    <ClInclude Include="src\Graphics\Buffers\IndexArray.h">
      <Filter>Graphics\Buffers</Filter>
    </ClInclude>
    <ClInclude Include="src\Graphics\Buffers\IndexBuffer.h">
      <Filter>Graphics\Buffers</Filter>
    </ClInclude>
    <ClInclude Include="src\Graphics\Buffers\IteratorManager.h">
      <Filter>Graphics\Buffers</Filter>
    </ClInclude>
    <ClInclude Include="src\Graphics\Buffers\Iterators\AttributeIterator.h">
      <Filter>Graphics\Buffers\Iterators</Filter>
    </ClInclude>
    <ClInclude Include="src\Graphics\Buffers\Iterators\AttributeSetter.h">
      <Filter>Graphics\Buffers\Iterators</Filter>
    </ClInclude>
    <ClInclude Include="src\Graphics\Buffers\Iterators\IndexIterator.h">
      <Filter>Graphics\Buffers\Iterators</Filter>
    </ClInclude>
    <ClInclude Include="src\Graphics\Buffers\Iterators\VertexIterator.h">
      <Filter>Graphics\Buffers\Iterators</Filter>
    </ClInclude>
    <ClInclude Include="src\Graphics\Buffers\Iterators\__Iterators__.h">
      <Filter>Graphics\Buffers\Iterators</Filter>
    </ClInclude>
    <ClInclude Include="src\Graphics\Buffers\MappedVertexArray.h">
      <Filter>Graphics\Buffers</Filter>
    </ClInclude>
    <ClInclude Include="src\Graphics\Buffers\VertexArray.h">
      <Filter>Graphics\Buffers</Filter>
    </ClInclude>
    <ClInclude Include="src\Graphics\Buffers\VertexBuffer.h">
      <Filter>Graphics\Buffers</Filter>
    </ClInclude>
    <ClInclude Include="src\Graphics\Buffers\__Buffers__.h">
      <Filter>Graphics\Buffers</Filter>
    </ClInclude>
    <ClInclude Include="src\Graphics\Framebuffer.h">
      <Filter>Graphics</Filter>
    </ClInclude>
    <ClInclude Include="src\Graphics\GLprivate.h">
      <Filter>Graphics</Filter>
    </ClInclude>
    <ClInclude Include="src\Graphics\GLshared.h">
      <Filter>Graphics</Filter>
    </ClInclude>
    <ClInclude Include="src\Graphics\RenderBuffer.h">
      <Filter>Graphics</Filter>
    </ClInclude>
    <ClInclude Include="src\Graphics\Resources\Meshes\Face.h">
      <Filter>Graphics\Resources\Meshes</Filter>
    </ClInclude>
    <ClInclude Include="src\Graphics\Resources\Meshes\Factories\CuboidFactory.h">
      <Filter>Graphics\Resources\Meshes\Factories</Filter>
    </ClInclude>
    <ClInclude Include="src\Graphics\Resources\Meshes\Factories\EllipseFactory.h">
      <Filter>Graphics\Resources\Meshes\Factories</Filter>
    </ClInclude>
    <ClInclude Include="src\Graphics\Resources\Meshes\Factories\GridFactory.h">
      <Filter>Graphics\Resources\Meshes\Factories</Filter>
    </ClInclude>
    <ClInclude Include="src\Graphics\Resources\Meshes\Factories\LineFactory.h">
      <Filter>Graphics\Resources\Meshes\Factories</Filter>
    </ClInclude>
    <ClInclude Include="src\Graphics\Resources\Meshes\Factories\RectangleFactory.h">
      <Filter>Graphics\Resources\Meshes\Factories</Filter>
    </ClInclude>
    <ClInclude Include="src\Graphics\Resources\Meshes\Factories\TextFactory.h">
      <Filter>Graphics\Resources\Meshes\Factories</Filter>
    </ClInclude>
    <ClInclude Include="src\Graphics\Resources\Meshes\Factories\VertexFactory.h">
      <Filter>Graphics\Resources\Meshes\Factories</Filter>
    </ClInclude>
    <ClInclude Include="src\Graphics\Resources\Meshes\Factories\__Factories__.h">
      <Filter>Graphics\Resources\Meshes\Factories</Filter>
    </ClInclude>
    <ClInclude Include="src\Graphics\Resources\Meshes\Materials\Animators\ScrollAnimator.h">
      <Filter>Graphics\Resources\Meshes\Materials\Animators</Filter>
    </ClInclude>
    <ClInclude Include="src\Graphics\Resources\Meshes\Materials\Animators\SpriteSheetAnimator.h">
      <Filter>Graphics\Resources\Meshes\Materials\Animators</Filter>
    </ClInclude>
    <ClInclude Include="src\Graphics\Resources\Meshes\Materials\Animators\ZoomAnimator.h">
      <Filter>Graphics\Resources\Meshes\Materials\Animators</Filter>
    </ClInclude>
    <ClInclude Include="src\Graphics\Resources\Meshes\Materials\Animators\__Animators__.h">
      <Filter>Graphics\Resources\Meshes\Materials\Animators</Filter>
    </ClInclude>
    <ClInclude Include="src\Graphics\Resources\Meshes\Materials\LightSettings.h">
      <Filter>Graphics\Resources\Meshes\Materials</Filter>
    </ClInclude>
    <ClInclude Include="src\Graphics\Resources\Meshes\Materials\Material.h">
      <Filter>Graphics\Resources\Meshes\Materials</Filter>
    </ClInclude>
    <ClInclude Include="src\Graphics\Resources\Meshes\Materials\RenderSettings.h">
      <Filter>Graphics\Resources\Meshes\Materials</Filter>
    </ClInclude>
    <ClInclude Include="src\Graphics\Resources\Meshes\Materials\TextureAnimator.h">
      <Filter>Graphics\Resources\Meshes\Materials</Filter>
    </ClInclude>
    <ClInclude Include="src\Graphics\Resources\Meshes\Materials\TextureGroup.h">
      <Filter>Graphics\Resources\Meshes\Materials</Filter>
    </ClInclude>
    <ClInclude Include="src\Graphics\Resources\Meshes\Materials\__Materials__.h">
      <Filter>Graphics\Resources\Meshes\Materials</Filter>
    </ClInclude>
    <ClInclude Include="src\Graphics\Resources\Meshes\Mesh.h">
      <Filter>Graphics\Resources\Meshes</Filter>
    </ClInclude>
    <ClInclude Include="src\Graphics\Resources\Meshes\Model.h">
      <Filter>Graphics\Resources\Meshes</Filter>
    </ClInclude>
    <ClInclude Include="src\Graphics\Resources\Meshes\__Meshes__.h">
      <Filter>Graphics\Resources\Meshes</Filter>
    </ClInclude>
    <ClInclude Include="src\Graphics\Resources\Resource.h">
      <Filter>Graphics\Resources</Filter>
    </ClInclude>
    <ClInclude Include="src\Graphics\Resources\ResourceFile.h">
      <Filter>Graphics\Resources</Filter>
    </ClInclude>
    <ClInclude Include="src\Graphics\Resources\ResourceManager.h">
      <Filter>Graphics\Resources</Filter>
    </ClInclude>
    <ClInclude Include="src\Graphics\Resources\ResourcePack.h">
      <Filter>Graphics\Resources</Filter>
    </ClInclude>
    <ClInclude Include="src\Graphics\Resources\ResourcePtr.h">
      <Filter>Graphics\Resources</Filter>
    </ClInclude>
    <ClInclude Include="src\Graphics\Resources\Textures\Fonts\Font.h">
      <Filter>Graphics\Resources\Textures\Fonts</Filter>
    </ClInclude>
    <ClInclude Include="src\Graphics\Resources\Textures\Fonts\__Fonts__.h">
      <Filter>Graphics\Resources\Textures\Fonts</Filter>
    </ClInclude>
    <ClInclude Include="src\Graphics\Resources\Textures\RenderTexture2D.h">
      <Filter>Graphics\Resources\Textures</Filter>
    </ClInclude>
    <ClInclude Include="src\Graphics\Resources\Textures\Texture.h">
      <Filter>Graphics\Resources\Textures</Filter>
    </ClInclude>
    <ClInclude Include="src\Graphics\Resources\Textures\Texture2D.h">
      <Filter>Graphics\Resources\Textures</Filter>
    </ClInclude>
    <ClInclude Include="src\Graphics\Resources\Textures\TextureBounds.h">
      <Filter>Graphics\Resources\Textures</Filter>
    </ClInclude>
    <ClInclude Include="src\Graphics\Resources\Textures\TextureCreateOptions.h">
      <Filter>Graphics\Resources\Textures</Filter>
    </ClInclude>
    <ClInclude Include="src\Graphics\Resources\Textures\TextureCube.h">
      <Filter>Graphics\Resources\Textures</Filter>
    </ClInclude>
    <ClInclude Include="src\Graphics\Resources\Textures\__Textures__.h">
      <Filter>Graphics\Resources\Textures</Filter>
    </ClInclude>
    <ClInclude Include="src\Graphics\Resources\__Resources__.h">
      <Filter>Graphics\Resources</Filter>
    </ClInclude>
    <ClInclude Include="src\Graphics\Structs\Monitor.h">
      <Filter>Graphics\Structs</Filter>
    </ClInclude>
    <ClInclude Include="src\Graphics\Structs\Viewport.h">
      <Filter>Graphics\Structs</Filter>
    </ClInclude>
    <ClInclude Include="src\Graphics\Structs\WindowCreateInfo.h">
      <Filter>Graphics\Structs</Filter>
    </ClInclude>
    <ClInclude Include="src\Graphics\Structs\__Structs__.h">
      <Filter>Graphics\Structs</Filter>
    </ClInclude>
    <ClInclude Include="src\Graphics\Window.h">
      <Filter>Graphics</Filter>
    </ClInclude>
    <ClInclude Include="src\Graphics\WindowEvents.h">
      <Filter>Graphics</Filter>
    </ClInclude>
    <ClInclude Include="src\Logging.h" />
    <ClInclude Include="src\Types.h" />
    <ClInclude Include="src\Core\Events\EventListener.h" />
    <ClInclude Include="src\Core\Time\TimerCallback.h" />
    <ClInclude Include="src\Core\Tasks\__Tasks__.h" />
    <ClInclude Include="src\Core\Tasks\Task.h" />
    <ClInclude Include="src\Core\Tasks\TaskManager.h" />
    <ClInclude Include="src\Core\Tasks\TaskResult.h" />
    <ClInclude Include="src\Core\Tasks\TaskEvents.h" />
    <ClInclude Include="src\Graphics\Resources\Meshes\Materials\Shaders\Compiler\__Compiler__.h">
      <Filter>Graphics\Resources\Shaders\Compiler</Filter>
    </ClInclude>
    <ClInclude Include="src\Graphics\Resources\Meshes\Materials\Shaders\Compiler\ComShaderProgram.h">
      <Filter>Graphics\Resources\Shaders\Compiler</Filter>
    </ClInclude>
    <ClInclude Include="src\Graphics\Resources\Meshes\Materials\Shaders\Compiler\ShaderCompiler.h">
      <Filter>Graphics\Resources\Shaders\Compiler</Filter>
    </ClInclude>
    <ClInclude Include="src\Graphics\Resources\Meshes\Materials\Shaders\__Shaders__.h">
      <Filter>Graphics\Resources\Shaders</Filter>
    </ClInclude>
    <ClInclude Include="src\Graphics\Resources\Meshes\Materials\Shaders\Shader.h">
      <Filter>Graphics\Resources\Shaders</Filter>
    </ClInclude>
    <ClInclude Include="src\Graphics\Resources\Meshes\Materials\Shaders\Uniform.h">
      <Filter>Graphics\Resources\Shaders</Filter>
    </ClInclude>
    <ClInclude Include="src\Graphics\Resources\Meshes\Materials\Shaders\UniformManager.h">
      <Filter>Graphics\Resources\Shaders</Filter>
    </ClInclude>
    <ClInclude Include="src\Graphics\Resources\Meshes\Materials\Shaders\Components\__Components__.h" />
    <ClInclude Include="src\Graphics\Resources\Meshes\Materials\Shaders\ShaderInstance.h" />
    <ClInclude Include="src\Graphics\Resources\Meshes\Materials\Shaders\ShaderLinkContext.h" />
    <ClInclude Include="src\Graphics\Resources\Meshes\Materials\Shaders\UniformLink.h" />
    <ClInclude Include="src\Graphics\Resources\Meshes\Materials\Modules\__Modules__.h" />
    <ClInclude Include="src\Graphics\Resources\Meshes\Materials\Shaders\Components\Values\ShaderValue.h" />
    <ClInclude Include="src\Graphics\Resources\Meshes\Materials\Shaders\Components\Values\__Values__.h" />
    <ClInclude Include="src\Graphics\Resources\Meshes\Materials\Shaders\Components\Values\ShaderEnums.h" />
    <ClInclude Include="src\Graphics\Resources\Meshes\Materials\Shaders\Components\Values\ShaderStream.h" />
    <ClInclude Include="src\Graphics\Resources\Meshes\Materials\Shaders\Components\Values\ShaderFuncResult.h" />
    <ClInclude Include="src\Graphics\Resources\Meshes\Materials\Shaders\Components\Values\ShaderUniform.h" />
    <ClInclude Include="src\Graphics\Resources\Meshes\Materials\Shaders\Components\Values\ShaderRendererUniform.h" />
    <ClInclude Include="src\Graphics\Resources\Meshes\Materials\Shaders\Components\Values\ShaderAttribute.h" />
    <ClInclude Include="src\Graphics\Resources\Meshes\Materials\Shaders\Components\Values\ShaderPassValue.h" />
    <ClInclude Include="src\Graphics\Resources\Meshes\Materials\Shaders\VertexShader.h" />
    <ClInclude Include="src\Graphics\Resources\Meshes\Materials\Shaders\FragmentShader.h" />
    <ClInclude Include="src\Graphics\Resources\Meshes\Materials\Shaders\GeometryShader.h" />
    <ClInclude Include="src\Graphics\Resources\Meshes\Materials\Shaders\ShaderProgram.h" />
    <ClInclude Include="src\Graphics\Resources\Meshes\Materials\Shaders\Components\Values\ShaderLiteral.h" />
    <ClInclude Include="src\Graphics\Resources\Meshes\Materials\Shaders\Components\Values\ShaderVariable.h" />
    <ClInclude Include="src\Graphics\Resources\Meshes\Materials\Shaders\Components\ShaderBuilder.h" />
    <ClInclude Include="src\Graphics\Resources\Meshes\Materials\Shaders\Components\ShaderFuncs.h" />
    <ClInclude Include="src\Graphics\Resources\Meshes\Materials\Shaders\Components\Values\FragColorAttribute.h" />
    <ClInclude Include="src\Graphics\Resources\Meshes\Materials\Shaders\ShaderFactory.h" />
    <ClInclude Include="src\Graphics\Resources\Meshes\Materials\Modules\MaterialModule.h" />
    <ClInclude Include="src\Graphics\Resources\Meshes\Materials\MaterialBuilder.h" />
  </ItemGroup>
  <ItemGroup>
    <ClCompile Include="src\Core\BoltTL\string.cpp">
      <Filter>Core\BoltTL</Filter>
    </ClCompile>
    <ClCompile Include="src\Core\Color.cpp">
      <Filter>Core</Filter>
    </ClCompile>
    <ClCompile Include="src\Core\Events\EventManager.cpp">
      <Filter>Core\Events</Filter>
    </ClCompile>
    <ClCompile Include="src\Core\Functions.cpp">
      <Filter>Core</Filter>
    </ClCompile>
    <ClCompile Include="src\Core\Image.cpp">
      <Filter>Core</Filter>
    </ClCompile>
    <ClCompile Include="src\Core\Math\Frustum.cpp">
      <Filter>Core\Math</Filter>
    </ClCompile>
    <ClCompile Include="src\Core\Math\Maths.cpp">
      <Filter>Core\Math</Filter>
    </ClCompile>
    <ClCompile Include="src\Core\Math\Quaternion.cpp">
      <Filter>Core\Math</Filter>
    </ClCompile>
    <ClCompile Include="src\Core\Math\Random\NoiseFunctions\SimplexNoise.cpp">
      <Filter>Core\Math\Random\NoiseFunctions</Filter>
    </ClCompile>
    <ClCompile Include="src\Core\Math\Random\Random.cpp">
      <Filter>Core\Math\Random</Filter>
    </ClCompile>
    <ClCompile Include="src\Core\Math\Random\RandomDistribution.cpp">
      <Filter>Core\Math\Random</Filter>
    </ClCompile>
    <ClCompile Include="src\Core\Math\Ray.cpp">
      <Filter>Core\Math</Filter>
    </ClCompile>
    <ClCompile Include="src\Core\Memory\Allocator.cpp">
      <Filter>Core\Memory</Filter>
    </ClCompile>
    <ClCompile Include="src\Core\Time\Time.cpp">
      <Filter>Core\Time</Filter>
    </ClCompile>
    <ClCompile Include="src\Core\Time\Timeline.cpp">
      <Filter>Core\Time</Filter>
    </ClCompile>
    <ClCompile Include="src\Core\Time\Timer.cpp">
      <Filter>Core\Time</Filter>
    </ClCompile>
    <ClCompile Include="src\Core\Time\TimerSet.cpp">
      <Filter>Core\Time</Filter>
    </ClCompile>
    <ClCompile Include="src\Core\Utils\Filesystem\Directorypath.cpp">
      <Filter>Core\Utils\Filesystem</Filter>
    </ClCompile>
    <ClCompile Include="src\Core\Utils\Filesystem\File.cpp">
      <Filter>Core\Utils\Filesystem</Filter>
    </ClCompile>
    <ClCompile Include="src\Core\Utils\Filesystem\Filepath.cpp">
      <Filter>Core\Utils\Filesystem</Filter>
    </ClCompile>
    <ClCompile Include="src\Core\Utils\Filesystem\Filesystem.cpp">
      <Filter>Core\Utils\Filesystem</Filter>
    </ClCompile>
    <ClCompile Include="src\Core\Utils\Filesystem\XML\XMLNodePath.cpp">
      <Filter>Core\Utils\Filesystem\XML</Filter>
    </ClCompile>
    <ClCompile Include="src\Core\Utils\Filesystem\XML\XMLfile.cpp">
      <Filter>Core\Utils\Filesystem\XML</Filter>
    </ClCompile>
    <ClCompile Include="src\Core\Utils\Filesystem\XML\XMLnode.cpp">
      <Filter>Core\Utils\Filesystem\XML</Filter>
    </ClCompile>
    <ClCompile Include="src\Engine\Application.cpp">
      <Filter>Engine</Filter>
    </ClCompile>
    <ClCompile Include="src\Engine\Commands\CmdDebugger.cpp">
      <Filter>Engine\Commands</Filter>
    </ClCompile>
    <ClCompile Include="src\Engine\Commands\Command.cpp">
      <Filter>Engine\Commands</Filter>
    </ClCompile>
    <ClCompile Include="src\Engine\Commands\CommandLine.cpp">
      <Filter>Engine\Commands</Filter>
    </ClCompile>
    <ClCompile Include="src\Engine\Engine.cpp">
      <Filter>Engine</Filter>
    </ClCompile>
    <ClCompile Include="src\Engine\Initialization\Destructor.cpp">
      <Filter>Engine\Initialization</Filter>
    </ClCompile>
    <ClCompile Include="src\Engine\Initialization\Initializer.cpp">
      <Filter>Engine\Initialization</Filter>
    </ClCompile>
    <ClCompile Include="src\Engine\Networking\InputMemoryStream.cpp">
      <Filter>Engine\Networking</Filter>
    </ClCompile>
    <ClCompile Include="src\Engine\Networking\OutputMemoryStream.cpp">
      <Filter>Engine\Networking</Filter>
    </ClCompile>
    <ClCompile Include="src\Engine\Networking\SocketAddress.cpp">
      <Filter>Engine\Networking</Filter>
    </ClCompile>
    <ClCompile Include="src\Engine\Networking\SocketUtil.cpp">
      <Filter>Engine\Networking</Filter>
    </ClCompile>
    <ClCompile Include="src\Engine\Networking\TCPsocket.cpp">
      <Filter>Engine\Networking</Filter>
    </ClCompile>
    <ClCompile Include="src\Engine\Networking\UDPsocket.cpp">
      <Filter>Engine\Networking</Filter>
    </ClCompile>
    <ClCompile Include="src\Engine\Renderer\GLState.cpp">
      <Filter>Engine\Renderer</Filter>
    </ClCompile>
    <ClCompile Include="src\Engine\Renderer\GlobalRenderer.cpp">
      <Filter>Engine\Renderer</Filter>
    </ClCompile>
    <ClCompile Include="src\Engine\Renderer\Graphics.cpp">
      <Filter>Engine\Renderer</Filter>
    </ClCompile>
    <ClCompile Include="src\Engine\Renderer\RenderRoutine.cpp">
      <Filter>Engine\Renderer</Filter>
    </ClCompile>
    <ClCompile Include="src\Engine\Renderer\RenderSchedule.cpp">
      <Filter>Engine\Renderer</Filter>
    </ClCompile>
    <ClCompile Include="src\Engine\Renderer\SceneRenderer.cpp">
      <Filter>Engine\Renderer</Filter>
    </ClCompile>
    <ClCompile Include="src\Engine\Scene\Camera.cpp">
      <Filter>Engine\Scene</Filter>
    </ClCompile>
    <ClCompile Include="src\Engine\Scene\Components\Component.cpp">
      <Filter>Engine\Scene\Components</Filter>
    </ClCompile>
    <ClCompile Include="src\Engine\Scene\Components\ComponentManager.cpp">
      <Filter>Engine\Scene\Components</Filter>
    </ClCompile>
    <ClCompile Include="src\Engine\Scene\Components\LightRenderer.cpp">
      <Filter>Engine\Scene\Components</Filter>
    </ClCompile>
    <ClCompile Include="src\Engine\Scene\Components\MeshRenderer.cpp">
      <Filter>Engine\Scene\Components</Filter>
    </ClCompile>
    <ClCompile Include="src\Engine\Scene\Components\MotionEngine.cpp">
      <Filter>Engine\Scene\Components</Filter>
    </ClCompile>
    <ClCompile Include="src\Engine\Scene\Components\PhysicsHandle.cpp">
      <Filter>Engine\Scene\Components</Filter>
    </ClCompile>
    <ClCompile Include="src\Engine\Scene\Components\TriggerComponent.cpp">
      <Filter>Engine\Scene\Components</Filter>
    </ClCompile>
    <ClCompile Include="src\Engine\Scene\Components\UI\UIEventHandler.cpp">
      <Filter>Engine\Scene\Components\UI</Filter>
    </ClCompile>
    <ClCompile Include="src\Engine\Scene\GameObject.cpp">
      <Filter>Engine\Scene</Filter>
    </ClCompile>
    <ClCompile Include="src\Engine\Scene\Layer.cpp">
      <Filter>Engine\Scene</Filter>
    </ClCompile>
    <ClCompile Include="src\Engine\Scene\ObjectCollection.cpp">
      <Filter>Engine\Scene</Filter>
    </ClCompile>
    <ClCompile Include="src\Engine\Scene\ObjectFactory.cpp">
      <Filter>Engine\Scene</Filter>
    </ClCompile>
    <ClCompile Include="src\Engine\Scene\ObjectPrefab.cpp">
      <Filter>Engine\Scene</Filter>
    </ClCompile>
    <ClCompile Include="src\Engine\Scene\Physics\CollisionEngine\CollisionEngine.cpp">
      <Filter>Engine\Scene\Physics\CollisionEngine</Filter>
    </ClCompile>
    <ClCompile Include="src\Engine\Scene\Physics\PhysObjCollection.cpp">
      <Filter>Engine\Scene\Physics</Filter>
    </ClCompile>
    <ClCompile Include="src\Engine\Scene\Physics\PhysicsEngine.cpp">
      <Filter>Engine\Scene\Physics</Filter>
    </ClCompile>
    <ClCompile Include="src\Engine\Scene\Physics\PhysicsManager.cpp">
      <Filter>Engine\Scene\Physics</Filter>
    </ClCompile>
    <ClCompile Include="src\Engine\Scene\Query\SGQComponents.cpp">
      <Filter>Engine\Scene\Query</Filter>
    </ClCompile>
    <ClCompile Include="src\Engine\Scene\Query\SGQNearTo.cpp">
      <Filter>Engine\Scene\Query</Filter>
    </ClCompile>
    <ClCompile Include="src\Engine\Scene\Query\SGQRayCast.cpp">
      <Filter>Engine\Scene\Query</Filter>
    </ClCompile>
    <ClCompile Include="src\Engine\Scene\Query\SGQTransparency.cpp">
      <Filter>Engine\Scene\Query</Filter>
    </ClCompile>
    <ClCompile Include="src\Engine\Scene\Query\SGQuery.cpp">
      <Filter>Engine\Scene\Query</Filter>
    </ClCompile>
    <ClCompile Include="src\Engine\Scene\Scene.cpp">
      <Filter>Engine\Scene</Filter>
    </ClCompile>
    <ClCompile Include="src\Engine\Scene\SceneManager.cpp">
      <Filter>Engine\Scene</Filter>
    </ClCompile>
    <ClCompile Include="src\Engine\Scene\Transform.cpp">
      <Filter>Engine\Scene</Filter>
    </ClCompile>
    <ClCompile Include="src\Engine\Scene\UI\Text.cpp">
      <Filter>Engine\Scene\UI</Filter>
    </ClCompile>
    <ClCompile Include="src\Engine\Scene\UI\UIelement.cpp">
      <Filter>Engine\Scene\UI</Filter>
    </ClCompile>
    <ClCompile Include="src\Engine\Scene\UI\UIroot.cpp">
      <Filter>Engine\Scene\UI</Filter>
    </ClCompile>
    <ClCompile Include="src\Engine\Scene\UI\UIsurface.cpp">
      <Filter>Engine\Scene\UI</Filter>
    </ClCompile>
    <ClCompile Include="src\Engine\Serialization\XMLserializer.cpp">
      <Filter>Engine\Serialization</Filter>
    </ClCompile>
    <ClCompile Include="src\Engine\User\Input.cpp">
      <Filter>Engine\User</Filter>
    </ClCompile>
    <ClCompile Include="src\Graphics\Buffers\ArrayDescriptor.cpp">
      <Filter>Graphics\Buffers</Filter>
    </ClCompile>
    <ClCompile Include="src\Graphics\Buffers\Buffer.cpp">
      <Filter>Graphics\Buffers</Filter>
    </ClCompile>
    <ClCompile Include="src\Graphics\Buffers\BufferLayout.cpp">
      <Filter>Graphics\Buffers</Filter>
    </ClCompile>
    <ClCompile Include="src\Graphics\Buffers\IArrayDescriptor.cpp">
      <Filter>Graphics\Buffers</Filter>
    </ClCompile>
    <ClCompile Include="src\Graphics\Buffers\IndexArray.cpp">
      <Filter>Graphics\Buffers</Filter>
    </ClCompile>
    <ClCompile Include="src\Graphics\Buffers\IndexBuffer.cpp">
      <Filter>Graphics\Buffers</Filter>
    </ClCompile>
    <ClCompile Include="src\Graphics\Buffers\IteratorManager.cpp">
      <Filter>Graphics\Buffers</Filter>
    </ClCompile>
    <ClCompile Include="src\Graphics\Buffers\Iterators\AttributeSetter.cpp">
      <Filter>Graphics\Buffers\Iterators</Filter>
    </ClCompile>
    <ClCompile Include="src\Graphics\Buffers\Iterators\VertexIterator.cpp">
      <Filter>Graphics\Buffers\Iterators</Filter>
    </ClCompile>
    <ClCompile Include="src\Graphics\Buffers\MappedVertexArray.cpp">
      <Filter>Graphics\Buffers</Filter>
    </ClCompile>
    <ClCompile Include="src\Graphics\Buffers\VertexArray.cpp">
      <Filter>Graphics\Buffers</Filter>
    </ClCompile>
    <ClCompile Include="src\Graphics\Buffers\VertexBuffer.cpp">
      <Filter>Graphics\Buffers</Filter>
    </ClCompile>
    <ClCompile Include="src\Graphics\Framebuffer.cpp">
      <Filter>Graphics</Filter>
    </ClCompile>
    <ClCompile Include="src\Graphics\Resources\Meshes\Factories\CuboidFactory.cpp">
      <Filter>Graphics\Resources\Meshes\Factories</Filter>
    </ClCompile>
    <ClCompile Include="src\Graphics\Resources\Meshes\Factories\EllipseFactory.cpp">
      <Filter>Graphics\Resources\Meshes\Factories</Filter>
    </ClCompile>
    <ClCompile Include="src\Graphics\Resources\Meshes\Factories\GridFactory.cpp">
      <Filter>Graphics\Resources\Meshes\Factories</Filter>
    </ClCompile>
    <ClCompile Include="src\Graphics\Resources\Meshes\Factories\LineFactory.cpp">
      <Filter>Graphics\Resources\Meshes\Factories</Filter>
    </ClCompile>
    <ClCompile Include="src\Graphics\Resources\Meshes\Factories\RectangleFactory.cpp">
      <Filter>Graphics\Resources\Meshes\Factories</Filter>
    </ClCompile>
    <ClCompile Include="src\Graphics\Resources\Meshes\Factories\TextFactory.cpp">
      <Filter>Graphics\Resources\Meshes\Factories</Filter>
    </ClCompile>
    <ClCompile Include="src\Graphics\Resources\Meshes\Materials\Animators\ScrollAnimator.cpp">
      <Filter>Graphics\Resources\Meshes\Materials\Animators</Filter>
    </ClCompile>
    <ClCompile Include="src\Graphics\Resources\Meshes\Materials\Animators\SpriteSheetAnimator.cpp">
      <Filter>Graphics\Resources\Meshes\Materials\Animators</Filter>
    </ClCompile>
    <ClCompile Include="src\Graphics\Resources\Meshes\Materials\Animators\ZoomAnimator.cpp">
      <Filter>Graphics\Resources\Meshes\Materials\Animators</Filter>
    </ClCompile>
    <ClCompile Include="src\Graphics\Resources\Meshes\Materials\LightSettings.cpp">
      <Filter>Graphics\Resources\Meshes\Materials</Filter>
    </ClCompile>
    <ClCompile Include="src\Graphics\Resources\Meshes\Materials\Material.cpp">
      <Filter>Graphics\Resources\Meshes\Materials</Filter>
    </ClCompile>
    <ClCompile Include="src\Graphics\Resources\Meshes\Materials\RenderSettings.cpp">
      <Filter>Graphics\Resources\Meshes\Materials</Filter>
    </ClCompile>
    <ClCompile Include="src\Graphics\Resources\Meshes\Materials\TextureGroup.cpp">
      <Filter>Graphics\Resources\Meshes\Materials</Filter>
    </ClCompile>
    <ClCompile Include="src\Graphics\Resources\Meshes\Model.cpp">
      <Filter>Graphics\Resources\Meshes</Filter>
    </ClCompile>
    <ClCompile Include="src\Graphics\Resources\ResourceManager.cpp">
      <Filter>Graphics\Resources</Filter>
    </ClCompile>
    <ClCompile Include="src\Graphics\Resources\ResourcePack.cpp">
      <Filter>Graphics\Resources</Filter>
    </ClCompile>
    <ClCompile Include="src\Graphics\Resources\Textures\Fonts\Font.cpp">
      <Filter>Graphics\Resources\Textures\Fonts</Filter>
    </ClCompile>
    <ClCompile Include="src\Graphics\Resources\Textures\RenderTexture2D.cpp">
      <Filter>Graphics\Resources\Textures</Filter>
    </ClCompile>
    <ClCompile Include="src\Graphics\Resources\Textures\Texture.cpp">
      <Filter>Graphics\Resources\Textures</Filter>
    </ClCompile>
    <ClCompile Include="src\Graphics\Resources\Textures\Texture2D.cpp">
      <Filter>Graphics\Resources\Textures</Filter>
    </ClCompile>
    <ClCompile Include="src\Graphics\Resources\Textures\TextureCube.cpp">
      <Filter>Graphics\Resources\Textures</Filter>
    </ClCompile>
    <ClCompile Include="src\Graphics\Structs\Monitor.cpp">
      <Filter>Graphics\Structs</Filter>
    </ClCompile>
    <ClCompile Include="src\Graphics\Window.cpp">
      <Filter>Graphics</Filter>
    </ClCompile>
    <ClCompile Include="src\Logging.cpp" />
    <ClCompile Include="src\Types.cpp" />
    <ClCompile Include="src\Graphics\Resources\Meshes\Materials\Shaders\Compiler\ShaderCompiler.cpp">
      <Filter>Graphics\Resources\Shaders\Compiler</Filter>
    </ClCompile>
    <ClCompile Include="src\Graphics\Resources\Meshes\Materials\Shaders\Shader.cpp">
      <Filter>Graphics\Resources\Shaders</Filter>
    </ClCompile>
    <ClCompile Include="src\Graphics\Resources\Meshes\Materials\Shaders\UniformManager.cpp">
      <Filter>Graphics\Resources\Shaders</Filter>
    </ClCompile>
    <ClCompile Include="src\Graphics\Resources\Meshes\Materials\Shaders\ShaderInstance.cpp" />
    <ClCompile Include="src\Graphics\Resources\Meshes\Materials\Shaders\ShaderLinkContext.cpp" />
    <ClCompile Include="src\Graphics\Resources\Meshes\Materials\Shaders\UniformLink.cpp" />
    <ClCompile Include="src\Graphics\Resources\Meshes\Materials\Shaders\Components\Values\ShaderValue.cpp" />
    <ClCompile Include="src\Graphics\Resources\Meshes\Materials\Shaders\ShaderProgram.cpp" />
    <ClCompile Include="src\Graphics\Resources\Meshes\Materials\Shaders\VertexShader.cpp" />
    <ClCompile Include="src\Graphics\Resources\Meshes\Materials\Shaders\Components\Values\ShaderVariable.cpp" />
    <ClCompile Include="src\Graphics\Resources\Meshes\Materials\Shaders\Components\ShaderBuilder.cpp" />
    <ClCompile Include="src\Graphics\Resources\Meshes\Materials\Shaders\Components\Values\ShaderStream.cpp" />
    <ClCompile Include="src\Graphics\Resources\Meshes\Materials\Shaders\Components\Values\ShaderLiteral.cpp" />
    <ClCompile Include="src\Graphics\Resources\Meshes\Materials\Shaders\Components\Values\ShaderAttribute.cpp" />
    <ClCompile Include="src\Graphics\Resources\Meshes\Materials\Shaders\Components\Values\ShaderPassValue.cpp" />
    <ClCompile Include="src\Graphics\Resources\Meshes\Materials\Shaders\Components\Values\ShaderFuncResult.cpp" />
    <ClCompile Include="src\Graphics\Resources\Meshes\Materials\Shaders\Components\ShaderFuncs.cpp" />
    <ClCompile Include="src\Graphics\Resources\Meshes\Materials\Shaders\Components\Values\ShaderUniform.cpp" />
    <ClCompile Include="src\Graphics\Resources\Meshes\Materials\Shaders\Components\Values\ShaderRendererUniform.cpp" />
    <ClCompile Include="src\Graphics\Resources\Meshes\Materials\Shaders\FragmentShader.cpp" />
    <ClCompile Include="src\Graphics\Resources\Meshes\Materials\Shaders\Components\Values\FragColorAttribute.cpp" />
    <ClCompile Include="src\Graphics\Resources\Meshes\Materials\Shaders\ShaderFactory.cpp" />
    <ClCompile Include="src\Graphics\Resources\Meshes\Materials\Modules\MaterialModule.cpp" />
  </ItemGroup>
</Project>