<?xml version="1.0" encoding="utf-8"?>
<Project ToolsVersion="4.0" xmlns="http://schemas.microsoft.com/developer/msbuild/2003">
  <ItemGroup>
    <Filter Include="Source Files">
      <UniqueIdentifier>{4FC737F1-C7A5-4376-A066-2A32D752A2FF}</UniqueIdentifier>
      <Extensions>cpp;c;cc;cxx;def;odl;idl;hpj;bat;asm;asmx</Extensions>
    </Filter>
    <Filter Include="Header Files">
      <UniqueIdentifier>{93995380-89BD-4b04-88EB-625FBE52EBFB}</UniqueIdentifier>
      <Extensions>h;hh;hpp;hxx;hm;inl;inc;xsd</Extensions>
    </Filter>
    <Filter Include="Resource Files">
      <UniqueIdentifier>{67DA6AB6-F800-4c08-8B7A-83BB121AAD01}</UniqueIdentifier>
      <Extensions>rc;ico;cur;bmp;dlg;rc2;rct;bin;rgs;gif;jpg;jpeg;jpe;resx;tiff;tif;png;wav;mfcribbon-ms</Extensions>
    </Filter>
  </ItemGroup>
  <ItemGroup>
    <ClInclude Include="src\Types.h">
      <Filter>Header Files</Filter>
    </ClInclude>
    <ClInclude Include="external\FreeImage\include\FreeImage\Utilities.h">
      <Filter>Header Files</Filter>
    </ClInclude>
    <ClInclude Include="external\FreeImage\include\FreeImage.h">
      <Filter>Header Files</Filter>
    </ClInclude>
    <ClInclude Include="external\FreeType\include\config\ftconfig.h">
      <Filter>Header Files</Filter>
    </ClInclude>
    <ClInclude Include="external\FreeType\include\config\ftheader.h">
      <Filter>Header Files</Filter>
    </ClInclude>
    <ClInclude Include="external\FreeType\include\config\ftmodule.h">
      <Filter>Header Files</Filter>
    </ClInclude>
    <ClInclude Include="external\FreeType\include\config\ftoption.h">
      <Filter>Header Files</Filter>
    </ClInclude>
    <ClInclude Include="external\FreeType\include\config\ftstdlib.h">
      <Filter>Header Files</Filter>
    </ClInclude>
    <ClInclude Include="external\FreeType\include\internal\services\svbdf.h">
      <Filter>Header Files</Filter>
    </ClInclude>
    <ClInclude Include="external\FreeType\include\internal\services\svcid.h">
      <Filter>Header Files</Filter>
    </ClInclude>
    <ClInclude Include="external\FreeType\include\internal\services\svfntfmt.h">
      <Filter>Header Files</Filter>
    </ClInclude>
    <ClInclude Include="external\FreeType\include\internal\services\svgldict.h">
      <Filter>Header Files</Filter>
    </ClInclude>
    <ClInclude Include="external\FreeType\include\internal\services\svgxval.h">
      <Filter>Header Files</Filter>
    </ClInclude>
    <ClInclude Include="external\FreeType\include\internal\services\svkern.h">
      <Filter>Header Files</Filter>
    </ClInclude>
    <ClInclude Include="external\FreeType\include\internal\services\svmm.h">
      <Filter>Header Files</Filter>
    </ClInclude>
    <ClInclude Include="external\FreeType\include\internal\services\svotval.h">
      <Filter>Header Files</Filter>
    </ClInclude>
    <ClInclude Include="external\FreeType\include\internal\services\svpfr.h">
      <Filter>Header Files</Filter>
    </ClInclude>
    <ClInclude Include="external\FreeType\include\internal\services\svpostnm.h">
      <Filter>Header Files</Filter>
    </ClInclude>
    <ClInclude Include="external\FreeType\include\internal\services\svprop.h">
      <Filter>Header Files</Filter>
    </ClInclude>
    <ClInclude Include="external\FreeType\include\internal\services\svpscmap.h">
      <Filter>Header Files</Filter>
    </ClInclude>
    <ClInclude Include="external\FreeType\include\internal\services\svpsinfo.h">
      <Filter>Header Files</Filter>
    </ClInclude>
    <ClInclude Include="external\FreeType\include\internal\services\svsfnt.h">
      <Filter>Header Files</Filter>
    </ClInclude>
    <ClInclude Include="external\FreeType\include\internal\services\svttcmap.h">
      <Filter>Header Files</Filter>
    </ClInclude>
    <ClInclude Include="external\FreeType\include\internal\services\svtteng.h">
      <Filter>Header Files</Filter>
    </ClInclude>
    <ClInclude Include="external\FreeType\include\internal\services\svttglyf.h">
      <Filter>Header Files</Filter>
    </ClInclude>
    <ClInclude Include="external\FreeType\include\internal\services\svwinfnt.h">
      <Filter>Header Files</Filter>
    </ClInclude>
    <ClInclude Include="external\FreeType\include\internal\autohint.h">
      <Filter>Header Files</Filter>
    </ClInclude>
    <ClInclude Include="external\FreeType\include\internal\ftcalc.h">
      <Filter>Header Files</Filter>
    </ClInclude>
    <ClInclude Include="external\FreeType\include\internal\ftdebug.h">
      <Filter>Header Files</Filter>
    </ClInclude>
    <ClInclude Include="external\FreeType\include\internal\ftdriver.h">
      <Filter>Header Files</Filter>
    </ClInclude>
    <ClInclude Include="external\FreeType\include\internal\ftgloadr.h">
      <Filter>Header Files</Filter>
    </ClInclude>
    <ClInclude Include="external\FreeType\include\internal\ftmemory.h">
      <Filter>Header Files</Filter>
    </ClInclude>
    <ClInclude Include="external\FreeType\include\internal\ftobjs.h">
      <Filter>Header Files</Filter>
    </ClInclude>
    <ClInclude Include="external\FreeType\include\internal\ftpic.h">
      <Filter>Header Files</Filter>
    </ClInclude>
    <ClInclude Include="external\FreeType\include\internal\ftrfork.h">
      <Filter>Header Files</Filter>
    </ClInclude>
    <ClInclude Include="external\FreeType\include\internal\ftserv.h">
      <Filter>Header Files</Filter>
    </ClInclude>
    <ClInclude Include="external\FreeType\include\internal\ftstream.h">
      <Filter>Header Files</Filter>
    </ClInclude>
    <ClInclude Include="external\FreeType\include\internal\fttrace.h">
      <Filter>Header Files</Filter>
    </ClInclude>
    <ClInclude Include="external\FreeType\include\internal\ftvalid.h">
      <Filter>Header Files</Filter>
    </ClInclude>
    <ClInclude Include="external\FreeType\include\internal\internal.h">
      <Filter>Header Files</Filter>
    </ClInclude>
    <ClInclude Include="external\FreeType\include\internal\psaux.h">
      <Filter>Header Files</Filter>
    </ClInclude>
    <ClInclude Include="external\FreeType\include\internal\pshints.h">
      <Filter>Header Files</Filter>
    </ClInclude>
    <ClInclude Include="external\FreeType\include\internal\sfnt.h">
      <Filter>Header Files</Filter>
    </ClInclude>
    <ClInclude Include="external\FreeType\include\internal\t1types.h">
      <Filter>Header Files</Filter>
    </ClInclude>
    <ClInclude Include="external\FreeType\include\internal\tttypes.h">
      <Filter>Header Files</Filter>
    </ClInclude>
    <ClInclude Include="external\FreeType\include\freetype.h">
      <Filter>Header Files</Filter>
    </ClInclude>
    <ClInclude Include="external\FreeType\include\ft2build.h">
      <Filter>Header Files</Filter>
    </ClInclude>
    <ClInclude Include="external\FreeType\include\ftadvanc.h">
      <Filter>Header Files</Filter>
    </ClInclude>
    <ClInclude Include="external\FreeType\include\ftautoh.h">
      <Filter>Header Files</Filter>
    </ClInclude>
    <ClInclude Include="external\FreeType\include\ftbbox.h">
      <Filter>Header Files</Filter>
    </ClInclude>
    <ClInclude Include="external\FreeType\include\ftbdf.h">
      <Filter>Header Files</Filter>
    </ClInclude>
    <ClInclude Include="external\FreeType\include\ftbitmap.h">
      <Filter>Header Files</Filter>
    </ClInclude>
    <ClInclude Include="external\FreeType\include\ftbzip2.h">
      <Filter>Header Files</Filter>
    </ClInclude>
    <ClInclude Include="external\FreeType\include\ftcache.h">
      <Filter>Header Files</Filter>
    </ClInclude>
    <ClInclude Include="external\FreeType\include\ftcffdrv.h">
      <Filter>Header Files</Filter>
    </ClInclude>
    <ClInclude Include="external\FreeType\include\ftchapters.h">
      <Filter>Header Files</Filter>
    </ClInclude>
    <ClInclude Include="external\FreeType\include\ftcid.h">
      <Filter>Header Files</Filter>
    </ClInclude>
    <ClInclude Include="external\FreeType\include\fterrdef.h">
      <Filter>Header Files</Filter>
    </ClInclude>
    <ClInclude Include="external\FreeType\include\fterrors.h">
      <Filter>Header Files</Filter>
    </ClInclude>
    <ClInclude Include="external\FreeType\include\ftfntfmt.h">
      <Filter>Header Files</Filter>
    </ClInclude>
    <ClInclude Include="external\FreeType\include\ftgasp.h">
      <Filter>Header Files</Filter>
    </ClInclude>
    <ClInclude Include="external\FreeType\include\ftglyph.h">
      <Filter>Header Files</Filter>
    </ClInclude>
    <ClInclude Include="external\FreeType\include\ftgxval.h">
      <Filter>Header Files</Filter>
    </ClInclude>
    <ClInclude Include="external\FreeType\include\ftgzip.h">
      <Filter>Header Files</Filter>
    </ClInclude>
    <ClInclude Include="external\FreeType\include\ftimage.h">
      <Filter>Header Files</Filter>
    </ClInclude>
    <ClInclude Include="external\FreeType\include\ftincrem.h">
      <Filter>Header Files</Filter>
    </ClInclude>
    <ClInclude Include="external\FreeType\include\ftlcdfil.h">
      <Filter>Header Files</Filter>
    </ClInclude>
    <ClInclude Include="external\FreeType\include\ftlist.h">
      <Filter>Header Files</Filter>
    </ClInclude>
    <ClInclude Include="external\FreeType\include\ftlzw.h">
      <Filter>Header Files</Filter>
    </ClInclude>
    <ClInclude Include="external\FreeType\include\ftmac.h">
      <Filter>Header Files</Filter>
    </ClInclude>
    <ClInclude Include="external\FreeType\include\ftmm.h">
      <Filter>Header Files</Filter>
    </ClInclude>
    <ClInclude Include="external\FreeType\include\ftmodapi.h">
      <Filter>Header Files</Filter>
    </ClInclude>
    <ClInclude Include="external\FreeType\include\ftmoderr.h">
      <Filter>Header Files</Filter>
    </ClInclude>
    <ClInclude Include="external\FreeType\include\ftotval.h">
      <Filter>Header Files</Filter>
    </ClInclude>
    <ClInclude Include="external\FreeType\include\ftoutln.h">
      <Filter>Header Files</Filter>
    </ClInclude>
    <ClInclude Include="external\FreeType\include\ftpfr.h">
      <Filter>Header Files</Filter>
    </ClInclude>
    <ClInclude Include="external\FreeType\include\ftrender.h">
      <Filter>Header Files</Filter>
    </ClInclude>
    <ClInclude Include="external\FreeType\include\ftsizes.h">
      <Filter>Header Files</Filter>
    </ClInclude>
    <ClInclude Include="external\FreeType\include\ftsnames.h">
      <Filter>Header Files</Filter>
    </ClInclude>
    <ClInclude Include="external\FreeType\include\ftstroke.h">
      <Filter>Header Files</Filter>
    </ClInclude>
    <ClInclude Include="external\FreeType\include\ftsynth.h">
      <Filter>Header Files</Filter>
    </ClInclude>
    <ClInclude Include="external\FreeType\include\ftsystem.h">
      <Filter>Header Files</Filter>
    </ClInclude>
    <ClInclude Include="external\FreeType\include\fttrigon.h">
      <Filter>Header Files</Filter>
    </ClInclude>
    <ClInclude Include="external\FreeType\include\ftttdrv.h">
      <Filter>Header Files</Filter>
    </ClInclude>
    <ClInclude Include="external\FreeType\include\fttypes.h">
      <Filter>Header Files</Filter>
    </ClInclude>
    <ClInclude Include="external\FreeType\include\ftwinfnt.h">
      <Filter>Header Files</Filter>
    </ClInclude>
    <ClInclude Include="external\FreeType\include\t1tables.h">
      <Filter>Header Files</Filter>
    </ClInclude>
    <ClInclude Include="external\FreeType\include\ttnameid.h">
      <Filter>Header Files</Filter>
    </ClInclude>
    <ClInclude Include="external\FreeType\include\tttables.h">
      <Filter>Header Files</Filter>
    </ClInclude>
    <ClInclude Include="external\FreeType\include\tttags.h">
      <Filter>Header Files</Filter>
    </ClInclude>
    <ClInclude Include="external\FreeType\include\ttunpat.h">
      <Filter>Header Files</Filter>
    </ClInclude>
    <ClInclude Include="external\FreeType-GL\include\edtaa3func.h">
      <Filter>Header Files</Filter>
    </ClInclude>
    <ClInclude Include="external\FreeType-GL\include\font-manager.h">
      <Filter>Header Files</Filter>
    </ClInclude>
    <ClInclude Include="external\FreeType-GL\include\freetype-gl.h">
      <Filter>Header Files</Filter>
    </ClInclude>
    <ClInclude Include="external\FreeType-GL\include\markup.h">
      <Filter>Header Files</Filter>
    </ClInclude>
    <ClInclude Include="external\FreeType-GL\include\mat4.h">
      <Filter>Header Files</Filter>
    </ClInclude>
    <ClInclude Include="external\FreeType-GL\include\opengl.h">
      <Filter>Header Files</Filter>
    </ClInclude>
    <ClInclude Include="external\FreeType-GL\include\platform.h">
      <Filter>Header Files</Filter>
    </ClInclude>
    <ClInclude Include="external\FreeType-GL\include\shader.h">
      <Filter>Header Files</Filter>
    </ClInclude>
    <ClInclude Include="external\FreeType-GL\include\text-buffer.h">
      <Filter>Header Files</Filter>
    </ClInclude>
    <ClInclude Include="external\FreeType-GL\include\texture-atlas.h">
      <Filter>Header Files</Filter>
    </ClInclude>
    <ClInclude Include="external\FreeType-GL\include\texture-font.h">
      <Filter>Header Files</Filter>
    </ClInclude>
    <ClInclude Include="external\FreeType-GL\include\vec234.h">
      <Filter>Header Files</Filter>
    </ClInclude>
    <ClInclude Include="external\FreeType-GL\include\vector.h">
      <Filter>Header Files</Filter>
    </ClInclude>
    <ClInclude Include="external\FreeType-GL\include\vertex-attribute.h">
      <Filter>Header Files</Filter>
    </ClInclude>
    <ClInclude Include="external\FreeType-GL\include\vertex-buffer.h">
      <Filter>Header Files</Filter>
    </ClInclude>
    <ClInclude Include="external\GLEW\include\GL\glew.h">
      <Filter>Header Files</Filter>
    </ClInclude>
    <ClInclude Include="external\GLEW\include\GL\glxew.h">
      <Filter>Header Files</Filter>
    </ClInclude>
    <ClInclude Include="external\GLEW\include\GL\wglew.h">
      <Filter>Header Files</Filter>
    </ClInclude>
    <ClInclude Include="external\GLFW\include\GLFW\glfw3.h">
      <Filter>Header Files</Filter>
    </ClInclude>
    <ClInclude Include="external\GLFW\include\GLFW\glfw3native.h">
      <Filter>Header Files</Filter>
    </ClInclude>
    <ClInclude Include="src\Logging.h">
      <Filter>Header Files</Filter>
    </ClInclude>
    <ClInclude Include="external\stb_image.h">
      <Filter>Header Files</Filter>
    </ClInclude>
    <ClInclude Include="src\Core\BoltTL\__BoltTL__.h">
      <Filter>Header Files</Filter>
    </ClInclude>
    <ClInclude Include="src\Core\BoltTL\iterator.h">
      <Filter>Header Files</Filter>
    </ClInclude>
    <ClInclude Include="src\Core\BoltTL\string.h">
      <Filter>Header Files</Filter>
    </ClInclude>
    <ClInclude Include="src\Core\BoltTL\vector.h">
      <Filter>Header Files</Filter>
    </ClInclude>
    <ClInclude Include="src\Core\Math\Matrices\__Matrices__.h">
      <Filter>Header Files</Filter>
    </ClInclude>
    <ClInclude Include="src\Core\Math\Matrices\Matrix3.h">
      <Filter>Header Files</Filter>
    </ClInclude>
    <ClInclude Include="src\Core\Math\Matrices\Matrix4.h">
      <Filter>Header Files</Filter>
    </ClInclude>
    <ClInclude Include="src\Core\Math\Vectors\__Vectors__.h">
      <Filter>Header Files</Filter>
    </ClInclude>
    <ClInclude Include="src\Core\Math\Vectors\Vector2.h">
      <Filter>Header Files</Filter>
    </ClInclude>
    <ClInclude Include="src\Core\Math\Vectors\Vector3.h">
      <Filter>Header Files</Filter>
    </ClInclude>
    <ClInclude Include="src\Core\Math\Vectors\Vector4.h">
      <Filter>Header Files</Filter>
    </ClInclude>
    <ClInclude Include="src\Core\Math\__Math__.h">
      <Filter>Header Files</Filter>
    </ClInclude>
    <ClInclude Include="src\Core\Math\Maths.h">
      <Filter>Header Files</Filter>
    </ClInclude>
    <ClInclude Include="src\Core\Math\Plane.h">
      <Filter>Header Files</Filter>
    </ClInclude>
    <ClInclude Include="src\Core\Math\Quaternion.h">
      <Filter>Header Files</Filter>
    </ClInclude>
    <ClInclude Include="src\Core\Math\Ray.h">
      <Filter>Header Files</Filter>
    </ClInclude>
    <ClInclude Include="src\Core\Utils\Filesystem\__Filesystem__.h">
      <Filter>Header Files</Filter>
    </ClInclude>
    <ClInclude Include="src\Core\Utils\Filesystem\Directorypath.h">
      <Filter>Header Files</Filter>
    </ClInclude>
    <ClInclude Include="src\Core\Utils\Filesystem\File.h">
      <Filter>Header Files</Filter>
    </ClInclude>
    <ClInclude Include="src\Core\Utils\Filesystem\Filepath.h">
      <Filter>Header Files</Filter>
    </ClInclude>
    <ClInclude Include="src\Core\Utils\Filesystem\Filesystem.h">
      <Filter>Header Files</Filter>
    </ClInclude>
    <ClInclude Include="src\Core\Utils\__Utils__.h">
      <Filter>Header Files</Filter>
    </ClInclude>
    <ClInclude Include="src\BoltEngine.h">
      <Filter>Header Files</Filter>
    </ClInclude>
    <ClInclude Include="src\Bolt-Core.h">
      <Filter>Header Files</Filter>
    </ClInclude>
    <ClInclude Include="src\Bolt-Graphics.h">
      <Filter>Header Files</Filter>
    </ClInclude>
    <ClInclude Include="src\Graphics\Buffers\__Buffers__.h">
      <Filter>Header Files</Filter>
    </ClInclude>
    <ClInclude Include="src\Graphics\Resources\__Resources__.h">
      <Filter>Header Files</Filter>
    </ClInclude>
    <ClInclude Include="src\Graphics\Resources\Textures\__Textures__.h">
      <Filter>Header Files</Filter>
    </ClInclude>
    <ClInclude Include="src\Graphics\Structs\__Structs__.h">
      <Filter>Header Files</Filter>
    </ClInclude>
    <ClInclude Include="src\Graphics\Structs\Viewport.h">
      <Filter>Header Files</Filter>
    </ClInclude>
    <ClInclude Include="src\Graphics\Structs\WindowCreateInfo.h">
      <Filter>Header Files</Filter>
    </ClInclude>
    <ClInclude Include="src\Graphics\Framebuffer.h">
      <Filter>Header Files</Filter>
    </ClInclude>
    <ClInclude Include="src\Graphics\GLprivate.h">
      <Filter>Header Files</Filter>
    </ClInclude>
    <ClInclude Include="src\Graphics\GLshared.h">
      <Filter>Header Files</Filter>
    </ClInclude>
    <ClInclude Include="src\BoltDefines.h">
      <Filter>Header Files</Filter>
    </ClInclude>
    <ClInclude Include="src\Graphics\Window.h">
      <Filter>Header Files</Filter>
    </ClInclude>
    <ClInclude Include="src\Core\Color.h">
      <Filter>Header Files</Filter>
    </ClInclude>
    <ClInclude Include="src\Engine\Application.h">
      <Filter>Header Files</Filter>
    </ClInclude>
    <ClInclude Include="src\Graphics\Structs\Monitor.h">
      <Filter>Header Files</Filter>
    </ClInclude>
    <ClInclude Include="src\Bolt-Engine.h">
      <Filter>Header Files</Filter>
    </ClInclude>
    <ClInclude Include="src\Graphics\Resources\Shaders\__Shaders__.h">
      <Filter>Header Files</Filter>
    </ClInclude>
    <ClInclude Include="src\Core\Time\__Time__.h">
      <Filter>Header Files</Filter>
    </ClInclude>
    <ClInclude Include="src\Core\Time\Time.h">
      <Filter>Header Files</Filter>
    </ClInclude>
    <ClInclude Include="src\Graphics\Buffers\Buffer.h">
      <Filter>Header Files</Filter>
    </ClInclude>
    <ClInclude Include="src\Graphics\Buffers\VertexBuffer.h">
      <Filter>Header Files</Filter>
    </ClInclude>
    <ClInclude Include="src\Graphics\Buffers\BufferLayout.h">
      <Filter>Header Files</Filter>
    </ClInclude>
    <ClInclude Include="src\Graphics\Buffers\IndexBuffer.h">
      <Filter>Header Files</Filter>
    </ClInclude>
    <ClInclude Include="src\Graphics\Buffers\VertexArray.h">
      <Filter>Header Files</Filter>
    </ClInclude>
    <ClInclude Include="src\Graphics\Resources\Shaders\Shader.h">
      <Filter>Header Files</Filter>
    </ClInclude>
    <ClInclude Include="src\Graphics\Resources\Resource.h">
      <Filter>Header Files</Filter>
    </ClInclude>
    <ClInclude Include="src\Graphics\Resources\ResourceManager.h">
      <Filter>Header Files</Filter>
    </ClInclude>
    <ClInclude Include="src\Graphics\Resources\Meshes\__Meshes__.h">
      <Filter>Header Files</Filter>
    </ClInclude>
    <ClInclude Include="src\Graphics\Resources\Meshes\Model.h">
      <Filter>Header Files</Filter>
    </ClInclude>
    <ClInclude Include="src\Graphics\Resources\Textures\Texture.h">
      <Filter>Header Files</Filter>
    </ClInclude>
    <ClInclude Include="src\Core\Image.h">
      <Filter>Header Files</Filter>
    </ClInclude>
    <ClInclude Include="src\Graphics\Resources\Textures\Texture2D.h">
      <Filter>Header Files</Filter>
    </ClInclude>
    <ClInclude Include="src\Core\Functions.h">
      <Filter>Header Files</Filter>
    </ClInclude>
    <ClInclude Include="src\Engine\Renderer\__Renderer__.h">
      <Filter>Header Files</Filter>
    </ClInclude>
    <ClInclude Include="src\Graphics\Resources\Meshes\Materials\__Materials__.h">
      <Filter>Header Files</Filter>
    </ClInclude>
    <ClInclude Include="src\Graphics\Buffers\Iterators\__Iterators__.h">
      <Filter>Header Files</Filter>
    </ClInclude>
    <ClInclude Include="src\Graphics\Buffers\ArrayDescriptor.h">
      <Filter>Header Files</Filter>
    </ClInclude>
    <ClInclude Include="src\Graphics\Buffers\Iterators\AttributeIterator.h">
      <Filter>Header Files</Filter>
    </ClInclude>
    <ClInclude Include="src\Graphics\Buffers\Iterators\VertexIterator.h">
      <Filter>Header Files</Filter>
    </ClInclude>
    <ClInclude Include="src\Graphics\Buffers\Iterators\AttributeSetter.h">
      <Filter>Header Files</Filter>
    </ClInclude>
    <ClInclude Include="src\Graphics\Buffers\Iterators\IndexIterator.h">
      <Filter>Header Files</Filter>
    </ClInclude>
    <ClInclude Include="src\Graphics\Buffers\IndexArray.h">
      <Filter>Header Files</Filter>
    </ClInclude>
    <ClInclude Include="src\Graphics\Buffers\IArrayDescriptor.h">
      <Filter>Header Files</Filter>
    </ClInclude>
    <ClInclude Include="src\Graphics\RenderBuffer.h">
      <Filter>Header Files</Filter>
    </ClInclude>
    <ClInclude Include="src\Engine\User\Input.h">
      <Filter>Header Files</Filter>
    </ClInclude>
    <ClInclude Include="src\Engine\User\__User__.h">
      <Filter>Header Files</Filter>
    </ClInclude>
    <ClInclude Include="src\Graphics\Resources\Meshes\Materials\Material.h">
      <Filter>Header Files</Filter>
    </ClInclude>
    <ClInclude Include="src\Graphics\Resources\Meshes\Materials\TextureGroup.h">
      <Filter>Header Files</Filter>
    </ClInclude>
    <ClInclude Include="src\Graphics\Resources\Meshes\Materials\RenderSettings.h">
      <Filter>Header Files</Filter>
    </ClInclude>
    <ClInclude Include="src\Graphics\Resources\Meshes\Materials\LightSettings.h">
      <Filter>Header Files</Filter>
    </ClInclude>
    <ClInclude Include="src\Graphics\Resources\Meshes\Mesh.h">
      <Filter>Header Files</Filter>
    </ClInclude>
    <ClInclude Include="src\Graphics\Resources\Meshes\Factories\EllipseFactory.h">
      <Filter>Header Files</Filter>
    </ClInclude>
    <ClInclude Include="src\Graphics\Resources\Meshes\Factories\RectangleFactory.h">
      <Filter>Header Files</Filter>
    </ClInclude>
    <ClInclude Include="src\Graphics\Resources\Meshes\Factories\VertexFactory.h">
      <Filter>Header Files</Filter>
    </ClInclude>
    <ClInclude Include="src\Graphics\Resources\Meshes\Factories\__Factories__.h">
      <Filter>Header Files</Filter>
    </ClInclude>
    <ClInclude Include="src\Engine\Renderer\Renderable.h">
      <Filter>Header Files</Filter>
    </ClInclude>
    <ClInclude Include="src\Engine\Renderer\RenderMethod.h">
      <Filter>Header Files</Filter>
    </ClInclude>
    <ClInclude Include="src\Engine\Renderer\Renderer.h">
      <Filter>Header Files</Filter>
    </ClInclude>
    <ClInclude Include="src\Engine\Renderer\Graphics.h">
      <Filter>Header Files</Filter>
    </ClInclude>
    <ClInclude Include="src\Engine\Scene\__Scene__.h">
      <Filter>Header Files</Filter>
    </ClInclude>
    <ClInclude Include="src\Engine\Scene\GameObject.h">
      <Filter>Header Files</Filter>
    </ClInclude>
    <ClInclude Include="src\Engine\Scene\Transform.h">
      <Filter>Header Files</Filter>
    </ClInclude>
    <ClInclude Include="src\Engine\Renderer\RenderMethods\__RenderMethods__.h">
      <Filter>Header Files</Filter>
    </ClInclude>
    <ClInclude Include="src\Engine\Renderer\RenderMethods\DefaultRenderMethod.h">
      <Filter>Header Files</Filter>
    </ClInclude>
    <ClInclude Include="src\Engine\Scene\Layer.h">
      <Filter>Header Files</Filter>
    </ClInclude>
    <ClInclude Include="src\Engine\Scene\SceneGraph\SceneGraph.h">
      <Filter>Header Files</Filter>
    </ClInclude>
    <ClInclude Include="src\Engine\Scene\SceneGraph\__SceneGraph__.h">
      <Filter>Header Files</Filter>
    </ClInclude>
    <ClInclude Include="src\Engine\Scene\SceneGraph\SceneArray.h">
      <Filter>Header Files</Filter>
    </ClInclude>
    <ClInclude Include="src\Engine\Scene\Scene.h">
      <Filter>Header Files</Filter>
    </ClInclude>
    <ClInclude Include="src\Engine\Scene\Components\__Components__.h">
      <Filter>Header Files</Filter>
    </ClInclude>
    <ClInclude Include="src\Engine\Scene\Components\ComponentManager.h">
      <Filter>Header Files</Filter>
    </ClInclude>
    <ClInclude Include="src\Engine\Scene\Components\Component.h">
      <Filter>Header Files</Filter>
    </ClInclude>
    <ClInclude Include="src\Engine\Scene\Components\MeshRenderer.h">
      <Filter>Header Files</Filter>
    </ClInclude>
    <ClInclude Include="src\Engine\Scene\SceneGraph\Query\__Query__.h">
      <Filter>Header Files</Filter>
    </ClInclude>
    <ClInclude Include="src\Engine\Scene\SceneGraph\Query\SGQuery.h">
      <Filter>Header Files</Filter>
    </ClInclude>
    <ClInclude Include="src\Engine\Scene\SceneGraph\Query\SGQueryResult.h">
      <Filter>Header Files</Filter>
    </ClInclude>
    <ClInclude Include="src\Core\Math\Shapes\Rectangle.h">
      <Filter>Header Files</Filter>
    </ClInclude>
    <ClInclude Include="src\Core\Math\Shapes\__Shapes__.h">
      <Filter>Header Files</Filter>
    </ClInclude>
    <ClInclude Include="src\Core\Math\Shapes\Cuboid.h">
      <Filter>Header Files</Filter>
    </ClInclude>
    <ClInclude Include="src\Engine\Scene\ObjectCollection.h">
      <Filter>Header Files</Filter>
    </ClInclude>
    <ClInclude Include="src\Engine\Scene\SceneGraph\Query\SGQNearTo.h">
      <Filter>Header Files</Filter>
    </ClInclude>
    <ClInclude Include="src\Engine\Scene\SceneManager.h">
      <Filter>Header Files</Filter>
    </ClInclude>
    <ClInclude Include="src\Graphics\Resources\Meshes\Factories\LineFactory.h">
      <Filter>Header Files</Filter>
    </ClInclude>
    <ClInclude Include="src\Engine\Scene\SceneGraph\Query\SGQFrustrum.h">
      <Filter>Header Files</Filter>
    </ClInclude>
    <ClInclude Include="src\Engine\Initialization\__Initialization__.h">
      <Filter>Header Files</Filter>
    </ClInclude>
    <ClInclude Include="src\Engine\Scene\Camera.h">
      <Filter>Header Files</Filter>
    </ClInclude>
    <ClInclude Include="src\Core\Math\Frustum.h">
      <Filter>Header Files</Filter>
    </ClInclude>
    <ClInclude Include="src\Engine\Renderer\RenderPass.h">
      <Filter>Header Files</Filter>
    </ClInclude>
    <ClInclude Include="src\Engine\Renderer\RenderBatch.h">
      <Filter>Header Files</Filter>
    </ClInclude>
    <ClInclude Include="src\Engine\Renderer\RenderSchedule.h">
      <Filter>Header Files</Filter>
    </ClInclude>
    <ClInclude Include="src\Graphics\Resources\Meshes\Factories\CuboidFactory.h">
      <Filter>Header Files</Filter>
    </ClInclude>
    <ClInclude Include="src\Engine\Renderer\GLState.h">
      <Filter>Header Files</Filter>
    </ClInclude>
    <ClInclude Include="src\Core\Math\Matrices\Matrix2.h">
      <Filter>Header Files</Filter>
    </ClInclude>
    <ClInclude Include="src\Graphics\Resources\Meshes\Face.h">
      <Filter>Header Files</Filter>
    </ClInclude>
    <ClInclude Include="src\Graphics\Resources\Meshes\Factories\GridFactory.h">
      <Filter>Header Files</Filter>
    </ClInclude>
    <ClInclude Include="src\Graphics\Resources\Textures\TextureBounds.h">
      <Filter>Header Files</Filter>
    </ClInclude>
    <ClInclude Include="src\Engine\Scene\Components\LightRenderer.h">
      <Filter>Header Files</Filter>
    </ClInclude>
    <ClInclude Include="src\Graphics\Resources\Shaders\Uniform.h">
      <Filter>Header Files</Filter>
    </ClInclude>
    <ClInclude Include="src\Graphics\Resources\Shaders\UniformManager.h">
      <Filter>Header Files</Filter>
    </ClInclude>
    <ClInclude Include="src\Graphics\Resources\Textures\Fonts\__Fonts__.h">
      <Filter>Header Files</Filter>
    </ClInclude>
    <ClInclude Include="src\Graphics\Resources\Textures\Fonts\Font.h">
      <Filter>Header Files</Filter>
    </ClInclude>
    <ClInclude Include="src\Graphics\Resources\Meshes\Factories\TextFactory.h">
      <Filter>Header Files</Filter>
    </ClInclude>
    <ClInclude Include="src\Graphics\Buffers\IteratorManager.h">
      <Filter>Header Files</Filter>
    </ClInclude>
    <ClInclude Include="src\Graphics\Resources\Shaders\Compiler\ShaderCompiler.h">
      <Filter>Header Files</Filter>
    </ClInclude>
    <ClInclude Include="src\Graphics\Resources\Shaders\Compiler\__Compiler__.h">
      <Filter>Header Files</Filter>
    </ClInclude>
    <ClInclude Include="src\Graphics\Resources\Shaders\Compiler\ComShaderProgram.h">
      <Filter>Header Files</Filter>
    </ClInclude>
    <ClInclude Include="src\Graphics\Resources\Textures\TextureCube.h">
      <Filter>Header Files</Filter>
    </ClInclude>
    <ClInclude Include="src\Engine\Engine.h">
      <Filter>Header Files</Filter>
    </ClInclude>
    <ClInclude Include="src\Engine\Scene\SceneGraph\Query\SGQTransparency.h">
      <Filter>Header Files</Filter>
    </ClInclude>
    <ClInclude Include="src\Engine\Scene\SceneGraph\Query\SGQComponents.h">
      <Filter>Header Files</Filter>
    </ClInclude>
    <ClInclude Include="src\Core\Utils\Filesystem\XML\__XML__.h">
      <Filter>Header Files</Filter>
    </ClInclude>
    <ClInclude Include="src\Core\Utils\Filesystem\XML\XMLnode.h">
      <Filter>Header Files</Filter>
    </ClInclude>
    <ClInclude Include="src\Core\Utils\Filesystem\XML\XMLfile.h">
      <Filter>Header Files</Filter>
    </ClInclude>
    <ClInclude Include="src\Core\Utils\Filesystem\FileLoader.h">
      <Filter>Header Files</Filter>
    </ClInclude>
    <ClInclude Include="src\Core\Time\Timer.h">
      <Filter>Header Files</Filter>
    </ClInclude>
    <ClInclude Include="src\Graphics\Resources\Meshes\Materials\TextureAnimator.h">
      <Filter>Header Files</Filter>
    </ClInclude>
    <ClInclude Include="src\Graphics\Resources\Meshes\Materials\Animators\__Animators__.h">
      <Filter>Header Files</Filter>
    </ClInclude>
    <ClInclude Include="src\Graphics\Resources\Meshes\Materials\Animators\SpriteSheetAnimator.h">
      <Filter>Header Files</Filter>
    </ClInclude>
    <ClInclude Include="src\Graphics\Buffers\MappedVertexArray.h">
      <Filter>Header Files</Filter>
    </ClInclude>
    <ClInclude Include="src\Graphics\Resources\Textures\RenderTexture2D.h">
      <Filter>Header Files</Filter>
    </ClInclude>
    <ClInclude Include="src\Core\Math\Random\__Random__.h">
      <Filter>Header Files</Filter>
    </ClInclude>
    <ClInclude Include="src\Core\Math\Random\Random.h">
      <Filter>Header Files</Filter>
    </ClInclude>
    <ClInclude Include="src\Core\Math\Random\NoiseFunctions\__NoiseFunctions__.h">
      <Filter>Header Files</Filter>
    </ClInclude>
    <ClInclude Include="src\Core\Math\Random\RandomDistribution.h">
      <Filter>Header Files</Filter>
    </ClInclude>
    <ClInclude Include="src\Core\Math\Random\NoiseFunctions\SimplexNoise.h">
      <Filter>Header Files</Filter>
    </ClInclude>
    <ClInclude Include="src\Engine\Scene\Lighting\__Lighting__.h">
      <Filter>Header Files</Filter>
    </ClInclude>
    <ClInclude Include="src\Engine\Scene\Lighting\LightSource.h">
      <Filter>Header Files</Filter>
    </ClInclude>
    <ClInclude Include="src\Graphics\Resources\Meshes\Materials\Animators\ZoomAnimator.h">
      <Filter>Header Files</Filter>
    </ClInclude>
    <ClInclude Include="src\Engine\Renderer\Renderers\__Renderers__.h">
      <Filter>Header Files</Filter>
    </ClInclude>
    <ClInclude Include="src\Engine\Renderer\Renderers\SpriteRenderer2D.h">
      <Filter>Header Files</Filter>
    </ClInclude>
    <ClInclude Include="src\Graphics\Resources\Textures\TextureCreateOptions.h">
      <Filter>Header Files</Filter>
    </ClInclude>
    <ClInclude Include="src\Engine\Scene\Components\MotionEngine.h">
      <Filter>Header Files</Filter>
    </ClInclude>
    <ClInclude Include="src\Engine\Networking\__Networking__.h">
      <Filter>Header Files</Filter>
    </ClInclude>
    <ClInclude Include="src\Engine\Networking\TCPsocket.h">
      <Filter>Header Files</Filter>
    </ClInclude>
    <ClInclude Include="src\Engine\Networking\Networking.h">
      <Filter>Header Files</Filter>
    </ClInclude>
    <ClInclude Include="src\Engine\Networking\SocketAddress.h">
      <Filter>Header Files</Filter>
    </ClInclude>
    <ClInclude Include="src\Core\Memory\__Memory__.h">
      <Filter>Header Files</Filter>
    </ClInclude>
    <ClInclude Include="src\Core\Memory\Allocator.h">
      <Filter>Header Files</Filter>
    </ClInclude>
    <ClInclude Include="src\Engine\Scene\ObjectFactory.h">
      <Filter>Header Files</Filter>
    </ClInclude>
    <ClInclude Include="src\Engine\Scene\ObjectPrefab.h">
      <Filter>Header Files</Filter>
    </ClInclude>
    <ClInclude Include="src\Graphics\Resources\Meshes\Materials\Animators\ScrollAnimator.h">
      <Filter>Header Files</Filter>
    </ClInclude>
    <ClInclude Include="src\Engine\Initialization\Initializer.h">
      <Filter>Header Files</Filter>
    </ClInclude>
    <ClInclude Include="src\Graphics\Resources\ResourceFile.h">
      <Filter>Header Files</Filter>
    </ClInclude>
    <ClInclude Include="src\Graphics\Resources\ResourcePtr.h">
      <Filter>Header Files</Filter>
    </ClInclude>
    <ClInclude Include="src\Graphics\Resources\ResourcePack.h">
      <Filter>Header Files</Filter>
    </ClInclude>
    <ClInclude Include="src\Engine\Serialization\__Serialization__.h">
      <Filter>Header Files</Filter>
    </ClInclude>
    <ClInclude Include="src\Engine\Serialization\XMLWriteTraits.h">
      <Filter>Header Files</Filter>
    </ClInclude>
    <ClInclude Include="src\Engine\Serialization\XMLReadTraits.h">
      <Filter>Header Files</Filter>
    </ClInclude>
    <ClInclude Include="src\Engine\Serialization\XMLserializer.h">
      <Filter>Header Files</Filter>
    </ClInclude>
    <ClInclude Include="src\Core\Utils\Filesystem\XML\XMLNodePath.h">
      <Filter>Header Files</Filter>
    </ClInclude>
    <ClInclude Include="src\Engine\Scene\UI\__UI__.h">
      <Filter>Header Files</Filter>
    </ClInclude>
    <ClInclude Include="src\Engine\Scene\UI\UIelement.h">
      <Filter>Header Files</Filter>
    </ClInclude>
    <ClInclude Include="src\Engine\Scene\UI\UIroot.h">
      <Filter>Header Files</Filter>
    </ClInclude>
    <ClInclude Include="src\Engine\Scene\UI\Text.h">
      <Filter>Header Files</Filter>
    </ClInclude>
    <ClInclude Include="src\Engine\Scene\UI\UIsurface.h">
      <Filter>Header Files</Filter>
    </ClInclude>
    <ClInclude Include="src\Engine\Scene\Components\UI\__UI__.h">
      <Filter>Header Files</Filter>
    </ClInclude>
    <ClInclude Include="src\Engine\Scene\Components\UI\MouseHoverable.h">
      <Filter>Header Files</Filter>
    </ClInclude>
    <ClInclude Include="src\Core\Events\__Events__.h">
      <Filter>Header Files</Filter>
    </ClInclude>
    <ClInclude Include="src\Core\Events\EventManager.h">
      <Filter>Header Files</Filter>
    </ClInclude>
    <ClInclude Include="src\Core\Events\EventArgs.h">
      <Filter>Header Files</Filter>
    </ClInclude>
    <ClInclude Include="src\Core\Events\Events.h">
      <Filter>Header Files</Filter>
    </ClInclude>
    <ClInclude Include="src\Engine\User\InputEventArgs.h">
      <Filter>Header Files</Filter>
    </ClInclude>
  </ItemGroup>
  <ItemGroup>
    <ClCompile Include="src\Core\BoltTL\string.cpp">
      <Filter>Source Files</Filter>
    </ClCompile>
    <ClCompile Include="src\Core\Math\Maths.cpp">
      <Filter>Source Files</Filter>
    </ClCompile>
    <ClCompile Include="src\Core\Math\Quaternion.cpp">
      <Filter>Source Files</Filter>
    </ClCompile>
    <ClCompile Include="src\Core\Math\Ray.cpp">
      <Filter>Source Files</Filter>
    </ClCompile>
    <ClCompile Include="src\Core\Utils\Filesystem\Directorypath.cpp">
      <Filter>Source Files</Filter>
    </ClCompile>
    <ClCompile Include="src\Core\Utils\Filesystem\File.cpp">
      <Filter>Source Files</Filter>
    </ClCompile>
    <ClCompile Include="src\Core\Utils\Filesystem\Filepath.cpp">
      <Filter>Source Files</Filter>
    </ClCompile>
    <ClCompile Include="src\Core\Utils\Filesystem\Filesystem.cpp">
      <Filter>Source Files</Filter>
    </ClCompile>
    <ClCompile Include="src\Graphics\Framebuffer.cpp">
      <Filter>Source Files</Filter>
    </ClCompile>
    <ClCompile Include="src\Graphics\Window.cpp">
      <Filter>Source Files</Filter>
    </ClCompile>
    <ClCompile Include="src\Core\Color.cpp">
      <Filter>Source Files</Filter>
    </ClCompile>
    <ClCompile Include="src\Engine\Application.cpp">
      <Filter>Source Files</Filter>
    </ClCompile>
    <ClCompile Include="src\Graphics\Structs\Monitor.cpp">
      <Filter>Source Files</Filter>
    </ClCompile>
    <ClCompile Include="src\Core\Time\Time.cpp">
      <Filter>Source Files</Filter>
    </ClCompile>
    <ClCompile Include="src\Graphics\Buffers\Buffer.cpp">
      <Filter>Source Files</Filter>
    </ClCompile>
    <ClCompile Include="src\Graphics\Buffers\VertexBuffer.cpp">
      <Filter>Source Files</Filter>
    </ClCompile>
    <ClCompile Include="src\Graphics\Buffers\BufferLayout.cpp">
      <Filter>Source Files</Filter>
    </ClCompile>
    <ClCompile Include="src\Graphics\Buffers\IndexBuffer.cpp">
      <Filter>Source Files</Filter>
    </ClCompile>
    <ClCompile Include="src\Graphics\Buffers\VertexArray.cpp">
      <Filter>Source Files</Filter>
    </ClCompile>
    <ClCompile Include="src\Graphics\Resources\Shaders\Shader.cpp">
      <Filter>Source Files</Filter>
    </ClCompile>
    <ClCompile Include="src\Graphics\Resources\ResourceManager.cpp">
      <Filter>Source Files</Filter>
    </ClCompile>
    <ClCompile Include="src\Graphics\Resources\Meshes\Model.cpp">
      <Filter>Source Files</Filter>
    </ClCompile>
    <ClCompile Include="src\Graphics\Resources\Textures\Texture.cpp">
      <Filter>Source Files</Filter>
    </ClCompile>
    <ClCompile Include="src\Graphics\Resources\Textures\Texture2D.cpp">
      <Filter>Source Files</Filter>
    </ClCompile>
    <ClCompile Include="src\Core\Image.cpp">
      <Filter>Source Files</Filter>
    </ClCompile>
    <ClCompile Include="src\Core\Functions.cpp">
      <Filter>Source Files</Filter>
    </ClCompile>
    <ClCompile Include="src\Graphics\Buffers\ArrayDescriptor.cpp">
      <Filter>Source Files</Filter>
    </ClCompile>
    <ClCompile Include="src\Graphics\Buffers\Iterators\VertexIterator.cpp">
      <Filter>Source Files</Filter>
    </ClCompile>
    <ClCompile Include="src\Graphics\Buffers\Iterators\AttributeSetter.cpp">
      <Filter>Source Files</Filter>
    </ClCompile>
    <ClCompile Include="src\Graphics\Buffers\IndexArray.cpp">
      <Filter>Source Files</Filter>
    </ClCompile>
    <ClCompile Include="src\Graphics\Buffers\IArrayDescriptor.cpp">
      <Filter>Source Files</Filter>
    </ClCompile>
    <ClCompile Include="src\Engine\User\Input.cpp">
      <Filter>Source Files</Filter>
    </ClCompile>
    <ClCompile Include="src\Graphics\Resources\Meshes\Factories\EllipseFactory.cpp">
      <Filter>Source Files</Filter>
    </ClCompile>
    <ClCompile Include="src\Graphics\Resources\Meshes\Factories\RectangleFactory.cpp">
      <Filter>Source Files</Filter>
    </ClCompile>
    <ClCompile Include="src\Engine\Renderer\Graphics.cpp">
      <Filter>Source Files</Filter>
    </ClCompile>
    <ClCompile Include="src\Engine\Scene\GameObject.cpp">
      <Filter>Source Files</Filter>
    </ClCompile>
    <ClCompile Include="src\Engine\Scene\Transform.cpp">
      <Filter>Source Files</Filter>
    </ClCompile>
    <ClCompile Include="src\Engine\Renderer\RenderMethods\DefaultRenderMethod.cpp">
      <Filter>Source Files</Filter>
    </ClCompile>
    <ClCompile Include="src\Engine\Scene\Layer.cpp">
      <Filter>Source Files</Filter>
    </ClCompile>
    <ClCompile Include="src\Engine\Scene\Scene.cpp">
      <Filter>Source Files</Filter>
    </ClCompile>
    <ClCompile Include="src\Engine\Scene\SceneGraph\SceneArray.cpp">
      <Filter>Source Files</Filter>
    </ClCompile>
    <ClCompile Include="src\Engine\Scene\Components\Component.cpp">
      <Filter>Source Files</Filter>
    </ClCompile>
    <ClCompile Include="src\Engine\Scene\Components\ComponentManager.cpp">
      <Filter>Source Files</Filter>
    </ClCompile>
    <ClCompile Include="src\Engine\Scene\Components\MeshRenderer.cpp">
      <Filter>Source Files</Filter>
    </ClCompile>
    <ClCompile Include="src\Engine\Scene\ObjectCollection.cpp">
      <Filter>Source Files</Filter>
    </ClCompile>
    <ClCompile Include="src\Engine\Scene\SceneGraph\Query\SGQNearTo.cpp">
      <Filter>Source Files</Filter>
    </ClCompile>
    <ClCompile Include="src\Engine\Scene\SceneGraph\Query\SGQuery.cpp">
      <Filter>Source Files</Filter>
    </ClCompile>
    <ClCompile Include="src\Engine\Scene\SceneManager.cpp">
      <Filter>Source Files</Filter>
    </ClCompile>
    <ClCompile Include="src\Graphics\Resources\Meshes\Factories\LineFactory.cpp">
      <Filter>Source Files</Filter>
    </ClCompile>
    <ClCompile Include="src\Engine\Scene\Camera.cpp">
      <Filter>Source Files</Filter>
    </ClCompile>
    <ClCompile Include="src\Core\Math\Frustum.cpp">
      <Filter>Source Files</Filter>
    </ClCompile>
    <ClCompile Include="src\Graphics\Resources\Meshes\Factories\CuboidFactory.cpp">
      <Filter>Source Files</Filter>
    </ClCompile>
    <ClCompile Include="src\Engine\Renderer\GLState.cpp">
      <Filter>Source Files</Filter>
    </ClCompile>
    <ClCompile Include="src\Graphics\Resources\Meshes\Factories\GridFactory.cpp">
      <Filter>Source Files</Filter>
    </ClCompile>
    <ClCompile Include="src\Engine\Scene\Components\LightRenderer.cpp">
      <Filter>Source Files</Filter>
    </ClCompile>
    <ClCompile Include="src\Graphics\Resources\Shaders\UniformManager.cpp">
      <Filter>Source Files</Filter>
    </ClCompile>
    <ClCompile Include="src\Graphics\Resources\Textures\Fonts\Font.cpp">
      <Filter>Source Files</Filter>
    </ClCompile>
    <ClCompile Include="src\Graphics\Resources\Meshes\Factories\TextFactory.cpp">
      <Filter>Source Files</Filter>
    </ClCompile>
    <ClCompile Include="src\Graphics\Buffers\IteratorManager.cpp">
      <Filter>Source Files</Filter>
    </ClCompile>
    <ClCompile Include="src\Engine\Renderer\Renderer.cpp">
      <Filter>Source Files</Filter>
    </ClCompile>
    <ClCompile Include="src\Graphics\Resources\Meshes\Materials\LightSettings.cpp">
      <Filter>Source Files</Filter>
    </ClCompile>
    <ClCompile Include="src\Graphics\Resources\Meshes\Materials\RenderSettings.cpp">
      <Filter>Source Files</Filter>
    </ClCompile>
    <ClCompile Include="src\Graphics\Resources\Meshes\Materials\TextureGroup.cpp">
      <Filter>Source Files</Filter>
    </ClCompile>
    <ClCompile Include="src\Graphics\Resources\Meshes\Materials\Material.cpp">
      <Filter>Source Files</Filter>
    </ClCompile>
    <ClCompile Include="src\Graphics\Resources\Shaders\Compiler\ShaderCompiler.cpp">
      <Filter>Source Files</Filter>
    </ClCompile>
    <ClCompile Include="src\Graphics\Resources\Textures\TextureCube.cpp">
      <Filter>Source Files</Filter>
    </ClCompile>
    <ClCompile Include="src\Engine\Engine.cpp">
      <Filter>Source Files</Filter>
    </ClCompile>
    <ClCompile Include="src\Engine\Scene\SceneGraph\Query\SGQTransparency.cpp">
      <Filter>Source Files</Filter>
    </ClCompile>
    <ClCompile Include="src\Engine\Scene\SceneGraph\Query\SGQComponents.cpp">
      <Filter>Source Files</Filter>
    </ClCompile>
    <ClCompile Include="src\Core\Utils\Filesystem\FileLoader.cpp">
      <Filter>Source Files</Filter>
    </ClCompile>
    <ClCompile Include="src\Core\Utils\Filesystem\XML\XMLfile.cpp">
      <Filter>Source Files</Filter>
    </ClCompile>
    <ClCompile Include="src\Core\Time\Timer.cpp">
      <Filter>Source Files</Filter>
    </ClCompile>
    <ClCompile Include="src\Graphics\Resources\Meshes\Materials\Animators\SpriteSheetAnimator.cpp">
      <Filter>Source Files</Filter>
    </ClCompile>
    <ClCompile Include="src\Graphics\Buffers\MappedVertexArray.cpp">
      <Filter>Source Files</Filter>
    </ClCompile>
    <ClCompile Include="src\Graphics\Resources\Textures\RenderTexture2D.cpp">
      <Filter>Source Files</Filter>
    </ClCompile>
    <ClCompile Include="src\Core\Math\Random\Random.cpp">
      <Filter>Source Files</Filter>
    </ClCompile>
    <ClCompile Include="src\Core\Math\Random\RandomDistribution.cpp">
      <Filter>Source Files</Filter>
    </ClCompile>
    <ClCompile Include="src\Core\Math\Random\NoiseFunctions\SimplexNoise.cpp">
      <Filter>Source Files</Filter>
    </ClCompile>
    <ClCompile Include="src\Graphics\Resources\Meshes\Materials\Animators\ZoomAnimator.cpp">
      <Filter>Source Files</Filter>
    </ClCompile>
    <ClCompile Include="src\Engine\Renderer\Renderers\SpriteRenderer2D.cpp">
      <Filter>Source Files</Filter>
    </ClCompile>
    <ClCompile Include="src\Engine\Scene\Components\MotionEngine.cpp">
      <Filter>Source Files</Filter>
    </ClCompile>
    <ClCompile Include="src\Engine\Networking\TCPsocket.cpp">
      <Filter>Source Files</Filter>
    </ClCompile>
    <ClCompile Include="src\Engine\Networking\SocketAddress.cpp">
      <Filter>Source Files</Filter>
    </ClCompile>
    <ClCompile Include="src\Engine\Scene\SceneGraph\SceneGraph.cpp">
      <Filter>Source Files</Filter>
    </ClCompile>
    <ClCompile Include="src\Core\Memory\Allocator.cpp">
      <Filter>Source Files</Filter>
    </ClCompile>
    <ClCompile Include="src\Engine\Scene\ObjectFactory.cpp">
      <Filter>Source Files</Filter>
    </ClCompile>
    <ClCompile Include="src\Engine\Scene\ObjectPrefab.cpp">
      <Filter>Source Files</Filter>
    </ClCompile>
    <ClCompile Include="src\Graphics\Resources\Meshes\Materials\Animators\ScrollAnimator.cpp">
      <Filter>Source Files</Filter>
    </ClCompile>
    <ClCompile Include="src\Engine\Initialization\Initializer.cpp">
      <Filter>Source Files</Filter>
    </ClCompile>
    <ClCompile Include="src\Core\Utils\Filesystem\XML\XMLnode.cpp">
      <Filter>Source Files</Filter>
    </ClCompile>
    <ClCompile Include="src\Engine\Serialization\XMLserializer.cpp">
      <Filter>Source Files</Filter>
    </ClCompile>
    <ClCompile Include="src\Core\Utils\Filesystem\XML\XMLNodePath.cpp">
      <Filter>Source Files</Filter>
    </ClCompile>
    <ClCompile Include="src\Engine\Scene\UI\UIelement.cpp">
      <Filter>Source Files</Filter>
    </ClCompile>
    <ClCompile Include="src\Engine\Scene\UI\UIroot.cpp">
      <Filter>Source Files</Filter>
    </ClCompile>
    <ClCompile Include="src\Engine\Scene\UI\Text.cpp">
      <Filter>Source Files</Filter>
    </ClCompile>
    <ClCompile Include="src\Engine\Scene\UI\UIsurface.cpp">
      <Filter>Source Files</Filter>
    </ClCompile>
    <ClCompile Include="src\Engine\Scene\Components\UI\MouseHoverable.cpp">
      <Filter>Source Files</Filter>
    </ClCompile>
    <ClCompile Include="src\Core\Events\EventManager.cpp">
      <Filter>Source Files</Filter>
    </ClCompile>
    <ClCompile Include="src\Logging.cpp">
      <Filter>Source Files</Filter>
    </ClCompile>
  </ItemGroup>
  <ItemGroup>
    <None Include="external\GLFW\docs\html\search\all_0.html" />
    <None Include="external\GLFW\docs\html\search\all_1.html" />
    <None Include="external\GLFW\docs\html\search\all_2.html" />
    <None Include="external\GLFW\docs\html\search\all_3.html" />
    <None Include="external\GLFW\docs\html\search\all_4.html" />
    <None Include="external\GLFW\docs\html\search\all_5.html" />
    <None Include="external\GLFW\docs\html\search\all_6.html" />
    <None Include="external\GLFW\docs\html\search\all_7.html" />
    <None Include="external\GLFW\docs\html\search\all_8.html" />
    <None Include="external\GLFW\docs\html\search\all_9.html" />
    <None Include="external\GLFW\docs\html\search\all_a.html" />
    <None Include="external\GLFW\docs\html\search\all_b.html" />
    <None Include="external\GLFW\docs\html\search\all_c.html" />
    <None Include="external\GLFW\docs\html\search\all_d.html" />
    <None Include="external\GLFW\docs\html\search\all_e.html" />
    <None Include="external\GLFW\docs\html\search\all_f.html" />
    <None Include="external\GLFW\docs\html\search\classes_0.html" />
    <None Include="external\GLFW\docs\html\search\defines_0.html" />
    <None Include="external\GLFW\docs\html\search\files_0.html" />
    <None Include="external\GLFW\docs\html\search\files_1.html" />
    <None Include="external\GLFW\docs\html\search\files_2.html" />
    <None Include="external\GLFW\docs\html\search\files_3.html" />
    <None Include="external\GLFW\docs\html\search\files_4.html" />
    <None Include="external\GLFW\docs\html\search\files_5.html" />
    <None Include="external\GLFW\docs\html\search\files_6.html" />
    <None Include="external\GLFW\docs\html\search\files_7.html" />
    <None Include="external\GLFW\docs\html\search\files_8.html" />
    <None Include="external\GLFW\docs\html\search\functions_0.html" />
    <None Include="external\GLFW\docs\html\search\groups_0.html" />
    <None Include="external\GLFW\docs\html\search\groups_1.html" />
    <None Include="external\GLFW\docs\html\search\groups_2.html" />
    <None Include="external\GLFW\docs\html\search\groups_3.html" />
    <None Include="external\GLFW\docs\html\search\groups_4.html" />
    <None Include="external\GLFW\docs\html\search\groups_5.html" />
    <None Include="external\GLFW\docs\html\search\groups_6.html" />
    <None Include="external\GLFW\docs\html\search\groups_7.html" />
    <None Include="external\GLFW\docs\html\search\groups_8.html" />
    <None Include="external\GLFW\docs\html\search\groups_9.html" />
    <None Include="external\GLFW\docs\html\search\nomatches.html" />
    <None Include="external\GLFW\docs\html\search\pages_0.html" />
    <None Include="external\GLFW\docs\html\search\pages_1.html" />
    <None Include="external\GLFW\docs\html\search\pages_2.html" />
    <None Include="external\GLFW\docs\html\search\pages_3.html" />
    <None Include="external\GLFW\docs\html\search\pages_4.html" />
    <None Include="external\GLFW\docs\html\search\pages_5.html" />
    <None Include="external\GLFW\docs\html\search\pages_6.html" />
    <None Include="external\GLFW\docs\html\search\pages_7.html" />
    <None Include="external\GLFW\docs\html\search\pages_8.html" />
    <None Include="external\GLFW\docs\html\search\typedefs_0.html" />
    <None Include="external\GLFW\docs\html\search\variables_0.html" />
    <None Include="external\GLFW\docs\html\search\variables_1.html" />
    <None Include="external\GLFW\docs\html\search\variables_2.html" />
    <None Include="external\GLFW\docs\html\search\variables_3.html" />
    <None Include="external\GLFW\docs\html\search\variables_4.html" />
    <None Include="external\GLFW\docs\html\search\variables_5.html" />
    <None Include="external\GLFW\docs\html\search\variables_6.html" />
    <None Include="external\GLFW\docs\html\annotated.html" />
    <None Include="external\GLFW\docs\html\bug.html" />
    <None Include="external\GLFW\docs\html\build_8dox.html" />
    <None Include="external\GLFW\docs\html\build_guide.html" />
    <None Include="external\GLFW\docs\html\classes.html" />
    <None Include="external\GLFW\docs\html\compat_8dox.html" />
    <None Include="external\GLFW\docs\html\compat_guide.html" />
    <None Include="external\GLFW\docs\html\compile_8dox.html" />
    <None Include="external\GLFW\docs\html\compile_guide.html" />
    <None Include="external\GLFW\docs\html\context_8dox.html" />
    <None Include="external\GLFW\docs\html\context_guide.html" />
    <None Include="external\GLFW\docs\html\dir_1f12d41534b9d9c99a183e145b58d6f3.html" />
    <None Include="external\GLFW\docs\html\dir_4bcf8e981abe5adb811ce4f57d70c9af.html" />
    <None Include="external\GLFW\docs\html\dir_351f617146de9499414a6c099ebbe0ca.html" />
    <None Include="external\GLFW\docs\html\files.html" />
    <None Include="external\GLFW\docs\html\functions.html" />
    <None Include="external\GLFW\docs\html\functions_vars.html" />
    <None Include="external\GLFW\docs\html\glfw3_8h.html" />
    <None Include="external\GLFW\docs\html\glfw3_8h_source.html" />
    <None Include="external\GLFW\docs\html\glfw3native_8h.html" />
    <None Include="external\GLFW\docs\html\glfw3native_8h_source.html" />
    <None Include="external\GLFW\docs\html\globals.html" />
    <None Include="external\GLFW\docs\html\globals_b.html" />
    <None Include="external\GLFW\docs\html\globals_c.html" />
    <None Include="external\GLFW\docs\html\globals_d.html" />
    <None Include="external\GLFW\docs\html\globals_defs.html" />
    <None Include="external\GLFW\docs\html\globals_defs_b.html" />
    <None Include="external\GLFW\docs\html\globals_defs_c.html" />
    <None Include="external\GLFW\docs\html\globals_defs_d.html" />
    <None Include="external\GLFW\docs\html\globals_defs_e.html" />
    <None Include="external\GLFW\docs\html\globals_defs_f.html" />
    <None Include="external\GLFW\docs\html\globals_defs_g.html" />
    <None Include="external\GLFW\docs\html\globals_defs_h.html" />
    <None Include="external\GLFW\docs\html\globals_defs_i.html" />
    <None Include="external\GLFW\docs\html\globals_defs_j.html" />
    <None Include="external\GLFW\docs\html\globals_defs_k.html" />
    <None Include="external\GLFW\docs\html\globals_defs_l.html" />
    <None Include="external\GLFW\docs\html\globals_defs_m.html" />
    <None Include="external\GLFW\docs\html\globals_defs_n.html" />
    <None Include="external\GLFW\docs\html\globals_defs_o.html" />
    <None Include="external\GLFW\docs\html\globals_defs_p.html" />
    <None Include="external\GLFW\docs\html\globals_defs_r.html" />
    <None Include="external\GLFW\docs\html\globals_defs_s.html" />
    <None Include="external\GLFW\docs\html\globals_defs_t.html" />
    <None Include="external\GLFW\docs\html\globals_defs_v.html" />
    <None Include="external\GLFW\docs\html\globals_e.html" />
    <None Include="external\GLFW\docs\html\globals_f.html" />
    <None Include="external\GLFW\docs\html\globals_func.html" />
    <None Include="external\GLFW\docs\html\globals_g.html" />
    <None Include="external\GLFW\docs\html\globals_h.html" />
    <None Include="external\GLFW\docs\html\globals_i.html" />
    <None Include="external\GLFW\docs\html\globals_j.html" />
    <None Include="external\GLFW\docs\html\globals_k.html" />
    <None Include="external\GLFW\docs\html\globals_l.html" />
    <None Include="external\GLFW\docs\html\globals_m.html" />
    <None Include="external\GLFW\docs\html\globals_n.html" />
    <None Include="external\GLFW\docs\html\globals_o.html" />
    <None Include="external\GLFW\docs\html\globals_p.html" />
    <None Include="external\GLFW\docs\html\globals_r.html" />
    <None Include="external\GLFW\docs\html\globals_s.html" />
    <None Include="external\GLFW\docs\html\globals_t.html" />
    <None Include="external\GLFW\docs\html\globals_type.html" />
    <None Include="external\GLFW\docs\html\globals_v.html" />
    <None Include="external\GLFW\docs\html\globals_w.html" />
    <None Include="external\GLFW\docs\html\group__buttons.html" />
    <None Include="external\GLFW\docs\html\group__context.html" />
    <None Include="external\GLFW\docs\html\group__errors.html" />
    <None Include="external\GLFW\docs\html\group__init.html" />
    <None Include="external\GLFW\docs\html\group__input.html" />
    <None Include="external\GLFW\docs\html\group__joysticks.html" />
    <None Include="external\GLFW\docs\html\group__keys.html" />
    <None Include="external\GLFW\docs\html\group__mods.html" />
    <None Include="external\GLFW\docs\html\group__monitor.html" />
    <None Include="external\GLFW\docs\html\group__native.html" />
    <None Include="external\GLFW\docs\html\group__shapes.html" />
    <None Include="external\GLFW\docs\html\group__vulkan.html" />
    <None Include="external\GLFW\docs\html\group__window.html" />
    <None Include="external\GLFW\docs\html\index.html" />
    <None Include="external\GLFW\docs\html\input_8dox.html" />
    <None Include="external\GLFW\docs\html\input_guide.html" />
    <None Include="external\GLFW\docs\html\intro_8dox.html" />
    <None Include="external\GLFW\docs\html\intro_guide.html" />
    <None Include="external\GLFW\docs\html\main_8dox.html" />
    <None Include="external\GLFW\docs\html\modules.html" />
    <None Include="external\GLFW\docs\html\monitor_8dox.html" />
    <None Include="external\GLFW\docs\html\monitor_guide.html" />
    <None Include="external\GLFW\docs\html\moving_8dox.html" />
    <None Include="external\GLFW\docs\html\moving_guide.html" />
    <None Include="external\GLFW\docs\html\news.html" />
    <None Include="external\GLFW\docs\html\news_8dox.html" />
    <None Include="external\GLFW\docs\html\pages.html" />
    <None Include="external\GLFW\docs\html\quick_8dox.html" />
    <None Include="external\GLFW\docs\html\quick_guide.html" />
    <None Include="external\GLFW\docs\html\structGLFWgammaramp.html" />
    <None Include="external\GLFW\docs\html\structGLFWimage.html" />
    <None Include="external\GLFW\docs\html\structGLFWvidmode.html" />
    <None Include="external\GLFW\docs\html\vulkan_8dox.html" />
    <None Include="external\GLFW\docs\html\vulkan_guide.html" />
    <None Include="external\GLFW\docs\html\window_8dox.html" />
    <None Include="external\GLFW\docs\html\window_guide.html" />
    <None Include="src\Graphics\Resources\Shaders\Source\DefaultColor_v.glsl" />
    <None Include="src\Graphics\Resources\Shaders\Source\DefaultColor_f.glsl" />
    <None Include="src\Graphics\Resources\Shaders\Source\DefaultTexture_f.glsl" />
    <None Include="src\Graphics\Resources\Shaders\Source\DefaultTexture_v.glsl" />
    <None Include="src\Graphics\Resources\Shaders\Source\DefaultFont_v.glsl" />
    <None Include="src\Graphics\Resources\Shaders\Source\DefaultFont_f.glsl" />
    <None Include="src\Graphics\Resources\Shaders\Source\DefaultSkybox_v.glsl" />
    <None Include="src\Graphics\Resources\Shaders\Source\DefaultSkybox_f.glsl" />
    <None Include="src\Graphics\Resources\Shaders\Source\Headers\BoltLighting.glh" />
    <None Include="src\Graphics\Resources\Shaders\Source\Headers\BoltMaterials.glh" />
    <None Include="src\Graphics\Resources\Shaders\Source\SpriteTexture_f.glsl" />
    <None Include="src\Graphics\Resources\Shaders\Source\SpriteTexture_v.glsl" />
  </ItemGroup>
</Project>